// !$*UTF8*$!
{
	archiveVersion = 1;
	classes = {
	};
	objectVersion = 46;
	objects = {

/* Begin PBXBuildFile section */
		CD169EB61ED2F09C002FB25E /* TemperatureControlViewController.m in Sources */ = {isa = PBXBuildFile; fileRef = CD169EB51ED2F09C002FB25E /* TemperatureControlViewController.m */; };
		CD35529A1EC021AB00B33545 /* WMMenuItem.m in Sources */ = {isa = PBXBuildFile; fileRef = CD3552911EC021AB00B33545 /* WMMenuItem.m */; };
		CD35529B1EC021AB00B33545 /* WMMenuView.m in Sources */ = {isa = PBXBuildFile; fileRef = CD3552931EC021AB00B33545 /* WMMenuView.m */; };
		CD35529C1EC021AB00B33545 /* WMProgressView.m in Sources */ = {isa = PBXBuildFile; fileRef = CD3552951EC021AB00B33545 /* WMProgressView.m */; };
		CD35529D1EC021AB00B33545 /* WMScrollView.m in Sources */ = {isa = PBXBuildFile; fileRef = CD3552971EC021AB00B33545 /* WMScrollView.m */; };
		CD35529E1EC021AB00B33545 /* WMPageController.m in Sources */ = {isa = PBXBuildFile; fileRef = CD3552991EC021AB00B33545 /* WMPageController.m */; };
		CD3552A31EC0222500B33545 /* OtherControllerPageViewController.m in Sources */ = {isa = PBXBuildFile; fileRef = CD3552A21EC0222500B33545 /* OtherControllerPageViewController.m */; };
		CD3552A71EC023AB00B33545 /* MotorViewController.m in Sources */ = {isa = PBXBuildFile; fileRef = CD3552A61EC023AB00B33545 /* MotorViewController.m */; };
		CD3552AB1EC14E6300B33545 /* GearViewController.m in Sources */ = {isa = PBXBuildFile; fileRef = CD3552AA1EC14E6300B33545 /* GearViewController.m */; };
		CD3552AF1EC1F0C100B33545 /* LoadMotorViewController.m in Sources */ = {isa = PBXBuildFile; fileRef = CD3552AE1EC1F0C100B33545 /* LoadMotorViewController.m */; };
		CD4A97241F111D6000243F68 /* RecordedParameterTableViewController.m in Sources */ = {isa = PBXBuildFile; fileRef = CD4A97231F111D6000243F68 /* RecordedParameterTableViewController.m */; };
		CD4A97291F11280700243F68 /* RecordTableViewController.m in Sources */ = {isa = PBXBuildFile; fileRef = CD4A97281F11280700243F68 /* RecordTableViewController.m */; };
		CD4EB4391F0D3EC70005512E /* FileListTableViewController.m in Sources */ = {isa = PBXBuildFile; fileRef = CD4EB4381F0D3EC70005512E /* FileListTableViewController.m */; };
		CD4EB43D1F0D413A0005512E /* File.m in Sources */ = {isa = PBXBuildFile; fileRef = CD4EB43C1F0D413A0005512E /* File.m */; };
		CD52748B1EF75C8900AFFE67 /* TestViewController.m in Sources */ = {isa = PBXBuildFile; fileRef = CD52748A1EF75C8900AFFE67 /* TestViewController.m */; };
		CD52749F1EF7C72000AFFE67 /* avatar.png in Resources */ = {isa = PBXBuildFile; fileRef = CD5274911EF7C72000AFFE67 /* avatar.png */; };
		CD5274A01EF7C72000AFFE67 /* daxue@2x.png in Resources */ = {isa = PBXBuildFile; fileRef = CD5274931EF7C72000AFFE67 /* daxue@2x.png */; };
		CD5274A11EF7C72000AFFE67 /* daxue_1@2x.png in Resources */ = {isa = PBXBuildFile; fileRef = CD5274941EF7C72000AFFE67 /* daxue_1@2x.png */; };
		CD5274A21EF7C72000AFFE67 /* pengyou@2x.png in Resources */ = {isa = PBXBuildFile; fileRef = CD5274951EF7C72000AFFE67 /* pengyou@2x.png */; };
		CD5274A31EF7C72000AFFE67 /* pengyou_1@2x.png in Resources */ = {isa = PBXBuildFile; fileRef = CD5274961EF7C72000AFFE67 /* pengyou_1@2x.png */; };
		CD5274A41EF7C72000AFFE67 /* shequ@2x.png in Resources */ = {isa = PBXBuildFile; fileRef = CD5274971EF7C72000AFFE67 /* shequ@2x.png */; };
		CD5274A51EF7C72000AFFE67 /* shequ_1@2x.png in Resources */ = {isa = PBXBuildFile; fileRef = CD5274981EF7C72000AFFE67 /* shequ_1@2x.png */; };
		CD5274A61EF7C72000AFFE67 /* wode@2x.png in Resources */ = {isa = PBXBuildFile; fileRef = CD5274991EF7C72000AFFE67 /* wode@2x.png */; };
		CD5274A71EF7C72000AFFE67 /* wode_1@2x.png in Resources */ = {isa = PBXBuildFile; fileRef = CD52749A1EF7C72000AFFE67 /* wode_1@2x.png */; };
		CD5274A81EF7C72000AFFE67 /* xiaoyuan@2x.png in Resources */ = {isa = PBXBuildFile; fileRef = CD52749B1EF7C72000AFFE67 /* xiaoyuan@2x.png */; };
		CD5274A91EF7C72000AFFE67 /* xiaoyuan_1@2x.png in Resources */ = {isa = PBXBuildFile; fileRef = CD52749C1EF7C72000AFFE67 /* xiaoyuan_1@2x.png */; };
		CD5274AA1EF7C72000AFFE67 /* selected2.png in Resources */ = {isa = PBXBuildFile; fileRef = CD52749D1EF7C72000AFFE67 /* selected2.png */; };
		CD5274AB1EF7C72000AFFE67 /* un_selected.png in Resources */ = {isa = PBXBuildFile; fileRef = CD52749E1EF7C72000AFFE67 /* un_selected.png */; };
		CD5274AD1EF7C7EC00AFFE67 /* system.png in Resources */ = {isa = PBXBuildFile; fileRef = CD5274AC1EF7C7EC00AFFE67 /* system.png */; };
		CD5274BA1EFA241100AFFE67 /* Foundation.framework in Frameworks */ = {isa = PBXBuildFile; fileRef = CD5274B91EFA241100AFFE67 /* Foundation.framework */; };
		CD5274BC1EFA241B00AFFE67 /* CoreGraphics.framework in Frameworks */ = {isa = PBXBuildFile; fileRef = CD5274BB1EFA241B00AFFE67 /* CoreGraphics.framework */; };
		CD5274BE1EFA242300AFFE67 /* UIKit.framework in Frameworks */ = {isa = PBXBuildFile; fileRef = CD5274BD1EFA242300AFFE67 /* UIKit.framework */; };
		CD67B4981F069AE00032F477 /* AAChartModel.m in Sources */ = {isa = PBXBuildFile; fileRef = CD67B4531F069AE00032F477 /* AAChartModel.m */; };
		CD67B4991F069AE00032F477 /* AAChartView.m in Sources */ = {isa = PBXBuildFile; fileRef = CD67B4551F069AE00032F477 /* AAChartView.m */; };
		CD67B49A1F069AE00032F477 /* AAJsonConverter.m in Sources */ = {isa = PBXBuildFile; fileRef = CD67B4581F069AE00032F477 /* AAJsonConverter.m */; };
		CD67B49B1F069AE00032F477 /* AAOptionsConstructor.m in Sources */ = {isa = PBXBuildFile; fileRef = CD67B45A1F069AE00032F477 /* AAOptionsConstructor.m */; };
		CD67B49C1F069AE00032F477 /* AAChartKit.podspec in Resources */ = {isa = PBXBuildFile; fileRef = CD67B45B1F069AE00032F477 /* AAChartKit.podspec */; };
		CD67B49D1F069AE00032F477 /* AAChartView.html in Resources */ = {isa = PBXBuildFile; fileRef = CD67B45D1F069AE00032F477 /* AAChartView.html */; };
		CD67B49E1F069AE00032F477 /* AAFunnel.js in Resources */ = {isa = PBXBuildFile; fileRef = CD67B45E1F069AE00032F477 /* AAFunnel.js */; };
		CD67B49F1F069AE00032F477 /* AAHighcharts-3d.js in Resources */ = {isa = PBXBuildFile; fileRef = CD67B45F1F069AE00032F477 /* AAHighcharts-3d.js */; };
		CD67B4A01F069AE00032F477 /* AAHighchartsLibrary.js in Resources */ = {isa = PBXBuildFile; fileRef = CD67B4601F069AE00032F477 /* AAHighchartsLibrary.js */; };
		CD67B4A11F069AE00032F477 /* AAHighchartsMore.js in Resources */ = {isa = PBXBuildFile; fileRef = CD67B4611F069AE00032F477 /* AAHighchartsMore.js */; };
		CD67B4A21F069AE00032F477 /* AAJQueryLibrary.js in Resources */ = {isa = PBXBuildFile; fileRef = CD67B4621F069AE00032F477 /* AAJQueryLibrary.js */; };
		CD67B4A31F069AE00032F477 /* AAAnimation.m in Sources */ = {isa = PBXBuildFile; fileRef = CD67B4651F069AE00032F477 /* AAAnimation.m */; };
		CD67B4A41F069AE00032F477 /* AAArea.m in Sources */ = {isa = PBXBuildFile; fileRef = CD67B4671F069AE00032F477 /* AAArea.m */; };
		CD67B4A51F069AE00032F477 /* AAAreaspline.m in Sources */ = {isa = PBXBuildFile; fileRef = CD67B4691F069AE00032F477 /* AAAreaspline.m */; };
		CD67B4A61F069AE00032F477 /* AABar.m in Sources */ = {isa = PBXBuildFile; fileRef = CD67B46B1F069AE00032F477 /* AABar.m */; };
		CD67B4A71F069AE00032F477 /* AAChart.m in Sources */ = {isa = PBXBuildFile; fileRef = CD67B46D1F069AE00032F477 /* AAChart.m */; };
		CD67B4A81F069AE00032F477 /* AAColumn.m in Sources */ = {isa = PBXBuildFile; fileRef = CD67B46F1F069AE00032F477 /* AAColumn.m */; };
		CD67B4A91F069AE00032F477 /* AADataLabels.m in Sources */ = {isa = PBXBuildFile; fileRef = CD67B4711F069AE00032F477 /* AADataLabels.m */; };
		CD67B4AA1F069AE00032F477 /* AAItemStyle.m in Sources */ = {isa = PBXBuildFile; fileRef = CD67B4731F069AE00032F477 /* AAItemStyle.m */; };
		CD67B4AB1F069AE00032F477 /* AALabels.m in Sources */ = {isa = PBXBuildFile; fileRef = CD67B4751F069AE00032F477 /* AALabels.m */; };
		CD67B4AC1F069AE00032F477 /* AALegend.m in Sources */ = {isa = PBXBuildFile; fileRef = CD67B4771F069AE00032F477 /* AALegend.m */; };
		CD67B4AD1F069AE00032F477 /* AALine.m in Sources */ = {isa = PBXBuildFile; fileRef = CD67B4791F069AE00032F477 /* AALine.m */; };
		CD67B4AE1F069AE00032F477 /* AAMarker.m in Sources */ = {isa = PBXBuildFile; fileRef = CD67B47B1F069AE00032F477 /* AAMarker.m */; };
		CD67B4AF1F069AE00032F477 /* AAOptions.m in Sources */ = {isa = PBXBuildFile; fileRef = CD67B47D1F069AE00032F477 /* AAOptions.m */; };
		CD67B4B01F069AE00032F477 /* AAOptions3d.m in Sources */ = {isa = PBXBuildFile; fileRef = CD67B47F1F069AE00032F477 /* AAOptions3d.m */; };
		CD67B4B11F069AE00032F477 /* AAPie.m in Sources */ = {isa = PBXBuildFile; fileRef = CD67B4811F069AE00032F477 /* AAPie.m */; };
		CD67B4B21F069AE00032F477 /* AAPlotLinesElement.m in Sources */ = {isa = PBXBuildFile; fileRef = CD67B4831F069AE00032F477 /* AAPlotLinesElement.m */; };
		CD67B4B31F069AE00032F477 /* AAPlotOptions.m in Sources */ = {isa = PBXBuildFile; fileRef = CD67B4851F069AE00032F477 /* AAPlotOptions.m */; };
		CD67B4B41F069AE00032F477 /* AASeries.m in Sources */ = {isa = PBXBuildFile; fileRef = CD67B4871F069AE00032F477 /* AASeries.m */; };
		CD67B4B51F069AE00032F477 /* AASeriesElement.m in Sources */ = {isa = PBXBuildFile; fileRef = CD67B4891F069AE00032F477 /* AASeriesElement.m */; };
		CD67B4B61F069AE00032F477 /* AASpline.m in Sources */ = {isa = PBXBuildFile; fileRef = CD67B48B1F069AE00032F477 /* AASpline.m */; };
		CD67B4B71F069AE00032F477 /* AAStyle.m in Sources */ = {isa = PBXBuildFile; fileRef = CD67B48D1F069AE00032F477 /* AAStyle.m */; };
		CD67B4B81F069AE00032F477 /* AASubtitle.m in Sources */ = {isa = PBXBuildFile; fileRef = CD67B48F1F069AE00032F477 /* AASubtitle.m */; };
		CD67B4B91F069AE00032F477 /* AATitle.m in Sources */ = {isa = PBXBuildFile; fileRef = CD67B4911F069AE00032F477 /* AATitle.m */; };
		CD67B4BA1F069AE00032F477 /* AATooltip.m in Sources */ = {isa = PBXBuildFile; fileRef = CD67B4931F069AE00032F477 /* AATooltip.m */; };
		CD67B4BB1F069AE00032F477 /* AAXAxis.m in Sources */ = {isa = PBXBuildFile; fileRef = CD67B4951F069AE00032F477 /* AAXAxis.m */; };
		CD67B4BC1F069AE00032F477 /* AAYAxis.m in Sources */ = {isa = PBXBuildFile; fileRef = CD67B4971F069AE00032F477 /* AAYAxis.m */; };
		CD67B4C51F08E38B0032F477 /* SelectParametersTableViewController.m in Sources */ = {isa = PBXBuildFile; fileRef = CD67B4C41F08E38B0032F477 /* SelectParametersTableViewController.m */; };
		CD67B4CA1F0940F00032F477 /* AlarmTableViewController.m in Sources */ = {isa = PBXBuildFile; fileRef = CD67B4C91F0940F00032F477 /* AlarmTableViewController.m */; };
		CD74C7DA1EFE40F200C6195F /* ChangeTrendViewController.m in Sources */ = {isa = PBXBuildFile; fileRef = CD74C7D91EFE40F200C6195F /* ChangeTrendViewController.m */; };
		CD7D5EA41E4AB4BF0082CF37 /* LoginViewController.m in Sources */ = {isa = PBXBuildFile; fileRef = CD7D5EA31E4AB4BF0082CF37 /* LoginViewController.m */; };
		CD7D5EAA1E4AB60E0082CF37 /* MainViewController.m in Sources */ = {isa = PBXBuildFile; fileRef = CD7D5EA91E4AB60E0082CF37 /* MainViewController.m */; };
		CD7D5ED81E4ABBB50082CF37 /* MeViewController.m in Sources */ = {isa = PBXBuildFile; fileRef = CD7D5ED71E4ABBB50082CF37 /* MeViewController.m */; };
		CD7FFDB71E3E3894003DE455 /* main.m in Sources */ = {isa = PBXBuildFile; fileRef = CD7FFDB61E3E3894003DE455 /* main.m */; };
		CD7FFDBA1E3E3894003DE455 /* AppDelegate.m in Sources */ = {isa = PBXBuildFile; fileRef = CD7FFDB91E3E3894003DE455 /* AppDelegate.m */; };
		CD7FFDBD1E3E3894003DE455 /* ViewController.m in Sources */ = {isa = PBXBuildFile; fileRef = CD7FFDBC1E3E3894003DE455 /* ViewController.m */; };
		CD7FFDC01E3E3894003DE455 /* Main.storyboard in Resources */ = {isa = PBXBuildFile; fileRef = CD7FFDBE1E3E3894003DE455 /* Main.storyboard */; };
		CD7FFDC21E3E3894003DE455 /* Assets.xcassets in Resources */ = {isa = PBXBuildFile; fileRef = CD7FFDC11E3E3894003DE455 /* Assets.xcassets */; };
		CD7FFDC51E3E3894003DE455 /* LaunchScreen.storyboard in Resources */ = {isa = PBXBuildFile; fileRef = CD7FFDC31E3E3894003DE455 /* LaunchScreen.storyboard */; };
		CD7FFDD01E3E3894003DE455 /* PSTests.m in Sources */ = {isa = PBXBuildFile; fileRef = CD7FFDCF1E3E3894003DE455 /* PSTests.m */; };
		CD7FFDDB1E3E3894003DE455 /* PSUITests.m in Sources */ = {isa = PBXBuildFile; fileRef = CD7FFDDA1E3E3894003DE455 /* PSUITests.m */; };
		CD7FFDEB1E3E3B09003DE455 /* ParameterTableViewController.m in Sources */ = {isa = PBXBuildFile; fileRef = CD7FFDEA1E3E3B09003DE455 /* ParameterTableViewController.m */; };
		CD83FA821F20EF8600E02FDA /* Alert.m in Sources */ = {isa = PBXBuildFile; fileRef = CD83FA721F20EF8600E02FDA /* Alert.m */; };
		CD83FA831F20EF8600E02FDA /* DataBaseNSUserDefaults.m in Sources */ = {isa = PBXBuildFile; fileRef = CD83FA751F20EF8600E02FDA /* DataBaseNSUserDefaults.m */; };
		CD83FA841F20EF8600E02FDA /* JsonUtil.m in Sources */ = {isa = PBXBuildFile; fileRef = CD83FA781F20EF8600E02FDA /* JsonUtil.m */; };
		CD83FA851F20EF8600E02FDA /* MBProgressHUD.m in Sources */ = {isa = PBXBuildFile; fileRef = CD83FA7B1F20EF8600E02FDA /* MBProgressHUD.m */; };
		CD83FA861F20EF8600E02FDA /* MessageViewController.m in Sources */ = {isa = PBXBuildFile; fileRef = CD83FA7E1F20EF8600E02FDA /* MessageViewController.m */; };
		CD83FA871F20EF8600E02FDA /* Toast.m in Sources */ = {isa = PBXBuildFile; fileRef = CD83FA811F20EF8600E02FDA /* Toast.m */; };
		CDF2EF671E55443E00A499AE /* MethodControlViewController.m in Sources */ = {isa = PBXBuildFile; fileRef = CDF2EF661E55443E00A499AE /* MethodControlViewController.m */; };
		CDF2EFD11E555A2700A499AE /* Parameter.m in Sources */ = {isa = PBXBuildFile; fileRef = CDF2EFD01E555A2700A499AE /* Parameter.m */; };
		CDF2EFD61E555EB800A499AE /* CmdHistoryUITableViewController.m in Sources */ = {isa = PBXBuildFile; fileRef = CDF2EFD51E555EB800A499AE /* CmdHistoryUITableViewController.m */; };
		CDF2EFD91E55613800A499AE /* CmdHistory.m in Sources */ = {isa = PBXBuildFile; fileRef = CDF2EFD81E55613800A499AE /* CmdHistory.m */; };
		CDF2F1561E5689C500A499AE /* AFHTTPRequestOperation.m in Sources */ = {isa = PBXBuildFile; fileRef = CDF2F1321E5689C500A499AE /* AFHTTPRequestOperation.m */; };
		CDF2F1571E5689C500A499AE /* AFHTTPRequestOperationManager.m in Sources */ = {isa = PBXBuildFile; fileRef = CDF2F1341E5689C500A499AE /* AFHTTPRequestOperationManager.m */; };
		CDF2F1581E5689C500A499AE /* AFHTTPSessionManager.m in Sources */ = {isa = PBXBuildFile; fileRef = CDF2F1361E5689C500A499AE /* AFHTTPSessionManager.m */; };
		CDF2F1591E5689C500A499AE /* AFNetworkReachabilityManager.m in Sources */ = {isa = PBXBuildFile; fileRef = CDF2F1391E5689C500A499AE /* AFNetworkReachabilityManager.m */; };
		CDF2F15A1E5689C500A499AE /* AFSecurityPolicy.m in Sources */ = {isa = PBXBuildFile; fileRef = CDF2F13B1E5689C500A499AE /* AFSecurityPolicy.m */; };
		CDF2F15B1E5689C500A499AE /* AFURLConnectionOperation.m in Sources */ = {isa = PBXBuildFile; fileRef = CDF2F13D1E5689C500A499AE /* AFURLConnectionOperation.m */; };
		CDF2F15C1E5689C500A499AE /* AFURLRequestSerialization.m in Sources */ = {isa = PBXBuildFile; fileRef = CDF2F13F1E5689C500A499AE /* AFURLRequestSerialization.m */; };
		CDF2F15D1E5689C500A499AE /* AFURLResponseSerialization.m in Sources */ = {isa = PBXBuildFile; fileRef = CDF2F1411E5689C500A499AE /* AFURLResponseSerialization.m */; };
		CDF2F15E1E5689C500A499AE /* AFURLSessionManager.m in Sources */ = {isa = PBXBuildFile; fileRef = CDF2F1431E5689C500A499AE /* AFURLSessionManager.m */; };
		CDF2F15F1E5689C500A499AE /* AFNetworkActivityIndicatorManager.m in Sources */ = {isa = PBXBuildFile; fileRef = CDF2F1461E5689C500A499AE /* AFNetworkActivityIndicatorManager.m */; };
		CDF2F1601E5689C500A499AE /* UIActivityIndicatorView+AFNetworking.m in Sources */ = {isa = PBXBuildFile; fileRef = CDF2F1481E5689C500A499AE /* UIActivityIndicatorView+AFNetworking.m */; };
		CDF2F1611E5689C500A499AE /* UIAlertView+AFNetworking.m in Sources */ = {isa = PBXBuildFile; fileRef = CDF2F14A1E5689C500A499AE /* UIAlertView+AFNetworking.m */; };
		CDF2F1621E5689C500A499AE /* UIButton+AFNetworking.m in Sources */ = {isa = PBXBuildFile; fileRef = CDF2F14C1E5689C500A499AE /* UIButton+AFNetworking.m */; };
		CDF2F1631E5689C500A499AE /* UIImageView+AFNetworking.m in Sources */ = {isa = PBXBuildFile; fileRef = CDF2F14E1E5689C500A499AE /* UIImageView+AFNetworking.m */; };
		CDF2F1641E5689C500A499AE /* UIProgressView+AFNetworking.m in Sources */ = {isa = PBXBuildFile; fileRef = CDF2F1511E5689C500A499AE /* UIProgressView+AFNetworking.m */; };
		CDF2F1651E5689C500A499AE /* UIRefreshControl+AFNetworking.m in Sources */ = {isa = PBXBuildFile; fileRef = CDF2F1531E5689C500A499AE /* UIRefreshControl+AFNetworking.m */; };
		CDF2F1661E5689C500A499AE /* UIWebView+AFNetworking.m in Sources */ = {isa = PBXBuildFile; fileRef = CDF2F1551E5689C500A499AE /* UIWebView+AFNetworking.m */; };
/* End PBXBuildFile section */

/* Begin PBXContainerItemProxy section */
		CD7FFDCC1E3E3894003DE455 /* PBXContainerItemProxy */ = {
			isa = PBXContainerItemProxy;
			containerPortal = CD7FFDAA1E3E3894003DE455 /* Project object */;
			proxyType = 1;
			remoteGlobalIDString = CD7FFDB11E3E3894003DE455;
			remoteInfo = PS;
		};
		CD7FFDD71E3E3894003DE455 /* PBXContainerItemProxy */ = {
			isa = PBXContainerItemProxy;
			containerPortal = CD7FFDAA1E3E3894003DE455 /* Project object */;
			proxyType = 1;
			remoteGlobalIDString = CD7FFDB11E3E3894003DE455;
			remoteInfo = PS;
		};
/* End PBXContainerItemProxy section */

/* Begin PBXFileReference section */
		CD169EB41ED2F09C002FB25E /* TemperatureControlViewController.h */ = {isa = PBXFileReference; fileEncoding = 4; lastKnownFileType = sourcecode.c.h; path = TemperatureControlViewController.h; sourceTree = "<group>"; };
		CD169EB51ED2F09C002FB25E /* TemperatureControlViewController.m */ = {isa = PBXFileReference; fileEncoding = 4; lastKnownFileType = sourcecode.c.objc; path = TemperatureControlViewController.m; sourceTree = "<group>"; };
		CD3552901EC021AB00B33545 /* WMMenuItem.h */ = {isa = PBXFileReference; fileEncoding = 4; lastKnownFileType = sourcecode.c.h; path = WMMenuItem.h; sourceTree = "<group>"; };
		CD3552911EC021AB00B33545 /* WMMenuItem.m */ = {isa = PBXFileReference; fileEncoding = 4; lastKnownFileType = sourcecode.c.objc; path = WMMenuItem.m; sourceTree = "<group>"; };
		CD3552921EC021AB00B33545 /* WMMenuView.h */ = {isa = PBXFileReference; fileEncoding = 4; lastKnownFileType = sourcecode.c.h; path = WMMenuView.h; sourceTree = "<group>"; };
		CD3552931EC021AB00B33545 /* WMMenuView.m */ = {isa = PBXFileReference; fileEncoding = 4; lastKnownFileType = sourcecode.c.objc; path = WMMenuView.m; sourceTree = "<group>"; };
		CD3552941EC021AB00B33545 /* WMProgressView.h */ = {isa = PBXFileReference; fileEncoding = 4; lastKnownFileType = sourcecode.c.h; path = WMProgressView.h; sourceTree = "<group>"; };
		CD3552951EC021AB00B33545 /* WMProgressView.m */ = {isa = PBXFileReference; fileEncoding = 4; lastKnownFileType = sourcecode.c.objc; path = WMProgressView.m; sourceTree = "<group>"; };
		CD3552961EC021AB00B33545 /* WMScrollView.h */ = {isa = PBXFileReference; fileEncoding = 4; lastKnownFileType = sourcecode.c.h; path = WMScrollView.h; sourceTree = "<group>"; };
		CD3552971EC021AB00B33545 /* WMScrollView.m */ = {isa = PBXFileReference; fileEncoding = 4; lastKnownFileType = sourcecode.c.objc; path = WMScrollView.m; sourceTree = "<group>"; };
		CD3552981EC021AB00B33545 /* WMPageController.h */ = {isa = PBXFileReference; fileEncoding = 4; lastKnownFileType = sourcecode.c.h; path = WMPageController.h; sourceTree = "<group>"; };
		CD3552991EC021AB00B33545 /* WMPageController.m */ = {isa = PBXFileReference; fileEncoding = 4; lastKnownFileType = sourcecode.c.objc; path = WMPageController.m; sourceTree = "<group>"; };
		CD3552A11EC0222500B33545 /* OtherControllerPageViewController.h */ = {isa = PBXFileReference; fileEncoding = 4; lastKnownFileType = sourcecode.c.h; path = OtherControllerPageViewController.h; sourceTree = "<group>"; };
		CD3552A21EC0222500B33545 /* OtherControllerPageViewController.m */ = {isa = PBXFileReference; fileEncoding = 4; lastKnownFileType = sourcecode.c.objc; path = OtherControllerPageViewController.m; sourceTree = "<group>"; };
		CD3552A51EC023AB00B33545 /* MotorViewController.h */ = {isa = PBXFileReference; fileEncoding = 4; lastKnownFileType = sourcecode.c.h; path = MotorViewController.h; sourceTree = "<group>"; };
		CD3552A61EC023AB00B33545 /* MotorViewController.m */ = {isa = PBXFileReference; fileEncoding = 4; lastKnownFileType = sourcecode.c.objc; path = MotorViewController.m; sourceTree = "<group>"; };
		CD3552A91EC14E6300B33545 /* GearViewController.h */ = {isa = PBXFileReference; fileEncoding = 4; lastKnownFileType = sourcecode.c.h; path = GearViewController.h; sourceTree = "<group>"; };
		CD3552AA1EC14E6300B33545 /* GearViewController.m */ = {isa = PBXFileReference; fileEncoding = 4; lastKnownFileType = sourcecode.c.objc; path = GearViewController.m; sourceTree = "<group>"; };
		CD3552AD1EC1F0C100B33545 /* LoadMotorViewController.h */ = {isa = PBXFileReference; fileEncoding = 4; lastKnownFileType = sourcecode.c.h; path = LoadMotorViewController.h; sourceTree = "<group>"; };
		CD3552AE1EC1F0C100B33545 /* LoadMotorViewController.m */ = {isa = PBXFileReference; fileEncoding = 4; lastKnownFileType = sourcecode.c.objc; path = LoadMotorViewController.m; sourceTree = "<group>"; };
		CD4A97221F111D6000243F68 /* RecordedParameterTableViewController.h */ = {isa = PBXFileReference; fileEncoding = 4; lastKnownFileType = sourcecode.c.h; path = RecordedParameterTableViewController.h; sourceTree = "<group>"; };
		CD4A97231F111D6000243F68 /* RecordedParameterTableViewController.m */ = {isa = PBXFileReference; fileEncoding = 4; lastKnownFileType = sourcecode.c.objc; path = RecordedParameterTableViewController.m; sourceTree = "<group>"; };
		CD4A97271F11280700243F68 /* RecordTableViewController.h */ = {isa = PBXFileReference; fileEncoding = 4; lastKnownFileType = sourcecode.c.h; path = RecordTableViewController.h; sourceTree = "<group>"; };
		CD4A97281F11280700243F68 /* RecordTableViewController.m */ = {isa = PBXFileReference; fileEncoding = 4; lastKnownFileType = sourcecode.c.objc; path = RecordTableViewController.m; sourceTree = "<group>"; };
		CD4EB4371F0D3EC70005512E /* FileListTableViewController.h */ = {isa = PBXFileReference; fileEncoding = 4; lastKnownFileType = sourcecode.c.h; path = FileListTableViewController.h; sourceTree = "<group>"; };
		CD4EB4381F0D3EC70005512E /* FileListTableViewController.m */ = {isa = PBXFileReference; fileEncoding = 4; lastKnownFileType = sourcecode.c.objc; path = FileListTableViewController.m; sourceTree = "<group>"; };
		CD4EB43B1F0D41250005512E /* File.h */ = {isa = PBXFileReference; lastKnownFileType = sourcecode.c.h; path = File.h; sourceTree = "<group>"; };
		CD4EB43C1F0D413A0005512E /* File.m */ = {isa = PBXFileReference; fileEncoding = 4; lastKnownFileType = sourcecode.c.objc; path = File.m; sourceTree = "<group>"; };
		CD5274891EF75C8900AFFE67 /* TestViewController.h */ = {isa = PBXFileReference; fileEncoding = 4; lastKnownFileType = sourcecode.c.h; path = TestViewController.h; sourceTree = "<group>"; };
		CD52748A1EF75C8900AFFE67 /* TestViewController.m */ = {isa = PBXFileReference; fileEncoding = 4; lastKnownFileType = sourcecode.c.objc; path = TestViewController.m; sourceTree = "<group>"; };
		CD5274911EF7C72000AFFE67 /* avatar.png */ = {isa = PBXFileReference; lastKnownFileType = image.png; path = avatar.png; sourceTree = "<group>"; };
		CD5274931EF7C72000AFFE67 /* daxue@2x.png */ = {isa = PBXFileReference; lastKnownFileType = image.png; path = "daxue@2x.png"; sourceTree = "<group>"; };
		CD5274941EF7C72000AFFE67 /* daxue_1@2x.png */ = {isa = PBXFileReference; lastKnownFileType = image.png; path = "daxue_1@2x.png"; sourceTree = "<group>"; };
		CD5274951EF7C72000AFFE67 /* pengyou@2x.png */ = {isa = PBXFileReference; lastKnownFileType = image.png; path = "pengyou@2x.png"; sourceTree = "<group>"; };
		CD5274961EF7C72000AFFE67 /* pengyou_1@2x.png */ = {isa = PBXFileReference; lastKnownFileType = image.png; path = "pengyou_1@2x.png"; sourceTree = "<group>"; };
		CD5274971EF7C72000AFFE67 /* shequ@2x.png */ = {isa = PBXFileReference; lastKnownFileType = image.png; path = "shequ@2x.png"; sourceTree = "<group>"; };
		CD5274981EF7C72000AFFE67 /* shequ_1@2x.png */ = {isa = PBXFileReference; lastKnownFileType = image.png; path = "shequ_1@2x.png"; sourceTree = "<group>"; };
		CD5274991EF7C72000AFFE67 /* wode@2x.png */ = {isa = PBXFileReference; lastKnownFileType = image.png; path = "wode@2x.png"; sourceTree = "<group>"; };
		CD52749A1EF7C72000AFFE67 /* wode_1@2x.png */ = {isa = PBXFileReference; lastKnownFileType = image.png; path = "wode_1@2x.png"; sourceTree = "<group>"; };
		CD52749B1EF7C72000AFFE67 /* xiaoyuan@2x.png */ = {isa = PBXFileReference; lastKnownFileType = image.png; path = "xiaoyuan@2x.png"; sourceTree = "<group>"; };
		CD52749C1EF7C72000AFFE67 /* xiaoyuan_1@2x.png */ = {isa = PBXFileReference; lastKnownFileType = image.png; path = "xiaoyuan_1@2x.png"; sourceTree = "<group>"; };
		CD52749D1EF7C72000AFFE67 /* selected2.png */ = {isa = PBXFileReference; lastKnownFileType = image.png; path = selected2.png; sourceTree = "<group>"; };
		CD52749E1EF7C72000AFFE67 /* un_selected.png */ = {isa = PBXFileReference; lastKnownFileType = image.png; path = un_selected.png; sourceTree = "<group>"; };
		CD5274AC1EF7C7EC00AFFE67 /* system.png */ = {isa = PBXFileReference; lastKnownFileType = image.png; path = system.png; sourceTree = "<group>"; };
		CD5274B91EFA241100AFFE67 /* Foundation.framework */ = {isa = PBXFileReference; lastKnownFileType = wrapper.framework; name = Foundation.framework; path = System/Library/Frameworks/Foundation.framework; sourceTree = SDKROOT; };
		CD5274BB1EFA241B00AFFE67 /* CoreGraphics.framework */ = {isa = PBXFileReference; lastKnownFileType = wrapper.framework; name = CoreGraphics.framework; path = System/Library/Frameworks/CoreGraphics.framework; sourceTree = SDKROOT; };
		CD5274BD1EFA242300AFFE67 /* UIKit.framework */ = {isa = PBXFileReference; lastKnownFileType = wrapper.framework; name = UIKit.framework; path = System/Library/Frameworks/UIKit.framework; sourceTree = SDKROOT; };
		CD67B4511F069AE00032F477 /* AAChartKit.h */ = {isa = PBXFileReference; fileEncoding = 4; lastKnownFileType = sourcecode.c.h; path = AAChartKit.h; sourceTree = "<group>"; };
		CD67B4521F069AE00032F477 /* AAChartModel.h */ = {isa = PBXFileReference; fileEncoding = 4; lastKnownFileType = sourcecode.c.h; path = AAChartModel.h; sourceTree = "<group>"; };
		CD67B4531F069AE00032F477 /* AAChartModel.m */ = {isa = PBXFileReference; fileEncoding = 4; lastKnownFileType = sourcecode.c.objc; path = AAChartModel.m; sourceTree = "<group>"; };
		CD67B4541F069AE00032F477 /* AAChartView.h */ = {isa = PBXFileReference; fileEncoding = 4; lastKnownFileType = sourcecode.c.h; path = AAChartView.h; sourceTree = "<group>"; };
		CD67B4551F069AE00032F477 /* AAChartView.m */ = {isa = PBXFileReference; fileEncoding = 4; lastKnownFileType = sourcecode.c.objc; path = AAChartView.m; sourceTree = "<group>"; };
		CD67B4561F069AE00032F477 /* AAGlobalMacro.h */ = {isa = PBXFileReference; fileEncoding = 4; lastKnownFileType = sourcecode.c.h; path = AAGlobalMacro.h; sourceTree = "<group>"; };
		CD67B4571F069AE00032F477 /* AAJsonConverter.h */ = {isa = PBXFileReference; fileEncoding = 4; lastKnownFileType = sourcecode.c.h; path = AAJsonConverter.h; sourceTree = "<group>"; };
		CD67B4581F069AE00032F477 /* AAJsonConverter.m */ = {isa = PBXFileReference; fileEncoding = 4; lastKnownFileType = sourcecode.c.objc; path = AAJsonConverter.m; sourceTree = "<group>"; };
		CD67B4591F069AE00032F477 /* AAOptionsConstructor.h */ = {isa = PBXFileReference; fileEncoding = 4; lastKnownFileType = sourcecode.c.h; path = AAOptionsConstructor.h; sourceTree = "<group>"; };
		CD67B45A1F069AE00032F477 /* AAOptionsConstructor.m */ = {isa = PBXFileReference; fileEncoding = 4; lastKnownFileType = sourcecode.c.objc; path = AAOptionsConstructor.m; sourceTree = "<group>"; };
		CD67B45B1F069AE00032F477 /* AAChartKit.podspec */ = {isa = PBXFileReference; fileEncoding = 4; lastKnownFileType = text; path = AAChartKit.podspec; sourceTree = "<group>"; };
		CD67B45D1F069AE00032F477 /* AAChartView.html */ = {isa = PBXFileReference; fileEncoding = 4; lastKnownFileType = text.html; path = AAChartView.html; sourceTree = "<group>"; };
		CD67B45E1F069AE00032F477 /* AAFunnel.js */ = {isa = PBXFileReference; fileEncoding = 4; lastKnownFileType = sourcecode.javascript; path = AAFunnel.js; sourceTree = "<group>"; };
		CD67B45F1F069AE00032F477 /* AAHighcharts-3d.js */ = {isa = PBXFileReference; fileEncoding = 4; lastKnownFileType = sourcecode.javascript; path = "AAHighcharts-3d.js"; sourceTree = "<group>"; };
		CD67B4601F069AE00032F477 /* AAHighchartsLibrary.js */ = {isa = PBXFileReference; fileEncoding = 4; lastKnownFileType = sourcecode.javascript; path = AAHighchartsLibrary.js; sourceTree = "<group>"; };
		CD67B4611F069AE00032F477 /* AAHighchartsMore.js */ = {isa = PBXFileReference; fileEncoding = 4; lastKnownFileType = sourcecode.javascript; path = AAHighchartsMore.js; sourceTree = "<group>"; };
		CD67B4621F069AE00032F477 /* AAJQueryLibrary.js */ = {isa = PBXFileReference; fileEncoding = 4; lastKnownFileType = sourcecode.javascript; path = AAJQueryLibrary.js; sourceTree = "<group>"; };
		CD67B4641F069AE00032F477 /* AAAnimation.h */ = {isa = PBXFileReference; fileEncoding = 4; lastKnownFileType = sourcecode.c.h; path = AAAnimation.h; sourceTree = "<group>"; };
		CD67B4651F069AE00032F477 /* AAAnimation.m */ = {isa = PBXFileReference; fileEncoding = 4; lastKnownFileType = sourcecode.c.objc; path = AAAnimation.m; sourceTree = "<group>"; };
		CD67B4661F069AE00032F477 /* AAArea.h */ = {isa = PBXFileReference; fileEncoding = 4; lastKnownFileType = sourcecode.c.h; path = AAArea.h; sourceTree = "<group>"; };
		CD67B4671F069AE00032F477 /* AAArea.m */ = {isa = PBXFileReference; fileEncoding = 4; lastKnownFileType = sourcecode.c.objc; path = AAArea.m; sourceTree = "<group>"; };
		CD67B4681F069AE00032F477 /* AAAreaspline.h */ = {isa = PBXFileReference; fileEncoding = 4; lastKnownFileType = sourcecode.c.h; path = AAAreaspline.h; sourceTree = "<group>"; };
		CD67B4691F069AE00032F477 /* AAAreaspline.m */ = {isa = PBXFileReference; fileEncoding = 4; lastKnownFileType = sourcecode.c.objc; path = AAAreaspline.m; sourceTree = "<group>"; };
		CD67B46A1F069AE00032F477 /* AABar.h */ = {isa = PBXFileReference; fileEncoding = 4; lastKnownFileType = sourcecode.c.h; path = AABar.h; sourceTree = "<group>"; };
		CD67B46B1F069AE00032F477 /* AABar.m */ = {isa = PBXFileReference; fileEncoding = 4; lastKnownFileType = sourcecode.c.objc; path = AABar.m; sourceTree = "<group>"; };
		CD67B46C1F069AE00032F477 /* AAChart.h */ = {isa = PBXFileReference; fileEncoding = 4; lastKnownFileType = sourcecode.c.h; path = AAChart.h; sourceTree = "<group>"; };
		CD67B46D1F069AE00032F477 /* AAChart.m */ = {isa = PBXFileReference; fileEncoding = 4; lastKnownFileType = sourcecode.c.objc; path = AAChart.m; sourceTree = "<group>"; };
		CD67B46E1F069AE00032F477 /* AAColumn.h */ = {isa = PBXFileReference; fileEncoding = 4; lastKnownFileType = sourcecode.c.h; path = AAColumn.h; sourceTree = "<group>"; };
		CD67B46F1F069AE00032F477 /* AAColumn.m */ = {isa = PBXFileReference; fileEncoding = 4; lastKnownFileType = sourcecode.c.objc; path = AAColumn.m; sourceTree = "<group>"; };
		CD67B4701F069AE00032F477 /* AADataLabels.h */ = {isa = PBXFileReference; fileEncoding = 4; lastKnownFileType = sourcecode.c.h; path = AADataLabels.h; sourceTree = "<group>"; };
		CD67B4711F069AE00032F477 /* AADataLabels.m */ = {isa = PBXFileReference; fileEncoding = 4; lastKnownFileType = sourcecode.c.objc; path = AADataLabels.m; sourceTree = "<group>"; };
		CD67B4721F069AE00032F477 /* AAItemStyle.h */ = {isa = PBXFileReference; fileEncoding = 4; lastKnownFileType = sourcecode.c.h; path = AAItemStyle.h; sourceTree = "<group>"; };
		CD67B4731F069AE00032F477 /* AAItemStyle.m */ = {isa = PBXFileReference; fileEncoding = 4; lastKnownFileType = sourcecode.c.objc; path = AAItemStyle.m; sourceTree = "<group>"; };
		CD67B4741F069AE00032F477 /* AALabels.h */ = {isa = PBXFileReference; fileEncoding = 4; lastKnownFileType = sourcecode.c.h; path = AALabels.h; sourceTree = "<group>"; };
		CD67B4751F069AE00032F477 /* AALabels.m */ = {isa = PBXFileReference; fileEncoding = 4; lastKnownFileType = sourcecode.c.objc; path = AALabels.m; sourceTree = "<group>"; };
		CD67B4761F069AE00032F477 /* AALegend.h */ = {isa = PBXFileReference; fileEncoding = 4; lastKnownFileType = sourcecode.c.h; path = AALegend.h; sourceTree = "<group>"; };
		CD67B4771F069AE00032F477 /* AALegend.m */ = {isa = PBXFileReference; fileEncoding = 4; lastKnownFileType = sourcecode.c.objc; path = AALegend.m; sourceTree = "<group>"; };
		CD67B4781F069AE00032F477 /* AALine.h */ = {isa = PBXFileReference; fileEncoding = 4; lastKnownFileType = sourcecode.c.h; path = AALine.h; sourceTree = "<group>"; };
		CD67B4791F069AE00032F477 /* AALine.m */ = {isa = PBXFileReference; fileEncoding = 4; lastKnownFileType = sourcecode.c.objc; path = AALine.m; sourceTree = "<group>"; };
		CD67B47A1F069AE00032F477 /* AAMarker.h */ = {isa = PBXFileReference; fileEncoding = 4; lastKnownFileType = sourcecode.c.h; path = AAMarker.h; sourceTree = "<group>"; };
		CD67B47B1F069AE00032F477 /* AAMarker.m */ = {isa = PBXFileReference; fileEncoding = 4; lastKnownFileType = sourcecode.c.objc; path = AAMarker.m; sourceTree = "<group>"; };
		CD67B47C1F069AE00032F477 /* AAOptions.h */ = {isa = PBXFileReference; fileEncoding = 4; lastKnownFileType = sourcecode.c.h; path = AAOptions.h; sourceTree = "<group>"; };
		CD67B47D1F069AE00032F477 /* AAOptions.m */ = {isa = PBXFileReference; fileEncoding = 4; lastKnownFileType = sourcecode.c.objc; path = AAOptions.m; sourceTree = "<group>"; };
		CD67B47E1F069AE00032F477 /* AAOptions3d.h */ = {isa = PBXFileReference; fileEncoding = 4; lastKnownFileType = sourcecode.c.h; path = AAOptions3d.h; sourceTree = "<group>"; };
		CD67B47F1F069AE00032F477 /* AAOptions3d.m */ = {isa = PBXFileReference; fileEncoding = 4; lastKnownFileType = sourcecode.c.objc; path = AAOptions3d.m; sourceTree = "<group>"; };
		CD67B4801F069AE00032F477 /* AAPie.h */ = {isa = PBXFileReference; fileEncoding = 4; lastKnownFileType = sourcecode.c.h; path = AAPie.h; sourceTree = "<group>"; };
		CD67B4811F069AE00032F477 /* AAPie.m */ = {isa = PBXFileReference; fileEncoding = 4; lastKnownFileType = sourcecode.c.objc; path = AAPie.m; sourceTree = "<group>"; };
		CD67B4821F069AE00032F477 /* AAPlotLinesElement.h */ = {isa = PBXFileReference; fileEncoding = 4; lastKnownFileType = sourcecode.c.h; path = AAPlotLinesElement.h; sourceTree = "<group>"; };
		CD67B4831F069AE00032F477 /* AAPlotLinesElement.m */ = {isa = PBXFileReference; fileEncoding = 4; lastKnownFileType = sourcecode.c.objc; path = AAPlotLinesElement.m; sourceTree = "<group>"; };
		CD67B4841F069AE00032F477 /* AAPlotOptions.h */ = {isa = PBXFileReference; fileEncoding = 4; lastKnownFileType = sourcecode.c.h; path = AAPlotOptions.h; sourceTree = "<group>"; };
		CD67B4851F069AE00032F477 /* AAPlotOptions.m */ = {isa = PBXFileReference; fileEncoding = 4; lastKnownFileType = sourcecode.c.objc; path = AAPlotOptions.m; sourceTree = "<group>"; };
		CD67B4861F069AE00032F477 /* AASeries.h */ = {isa = PBXFileReference; fileEncoding = 4; lastKnownFileType = sourcecode.c.h; path = AASeries.h; sourceTree = "<group>"; };
		CD67B4871F069AE00032F477 /* AASeries.m */ = {isa = PBXFileReference; fileEncoding = 4; lastKnownFileType = sourcecode.c.objc; path = AASeries.m; sourceTree = "<group>"; };
		CD67B4881F069AE00032F477 /* AASeriesElement.h */ = {isa = PBXFileReference; fileEncoding = 4; lastKnownFileType = sourcecode.c.h; path = AASeriesElement.h; sourceTree = "<group>"; };
		CD67B4891F069AE00032F477 /* AASeriesElement.m */ = {isa = PBXFileReference; fileEncoding = 4; lastKnownFileType = sourcecode.c.objc; path = AASeriesElement.m; sourceTree = "<group>"; };
		CD67B48A1F069AE00032F477 /* AASpline.h */ = {isa = PBXFileReference; fileEncoding = 4; lastKnownFileType = sourcecode.c.h; path = AASpline.h; sourceTree = "<group>"; };
		CD67B48B1F069AE00032F477 /* AASpline.m */ = {isa = PBXFileReference; fileEncoding = 4; lastKnownFileType = sourcecode.c.objc; path = AASpline.m; sourceTree = "<group>"; };
		CD67B48C1F069AE00032F477 /* AAStyle.h */ = {isa = PBXFileReference; fileEncoding = 4; lastKnownFileType = sourcecode.c.h; path = AAStyle.h; sourceTree = "<group>"; };
		CD67B48D1F069AE00032F477 /* AAStyle.m */ = {isa = PBXFileReference; fileEncoding = 4; lastKnownFileType = sourcecode.c.objc; path = AAStyle.m; sourceTree = "<group>"; };
		CD67B48E1F069AE00032F477 /* AASubtitle.h */ = {isa = PBXFileReference; fileEncoding = 4; lastKnownFileType = sourcecode.c.h; path = AASubtitle.h; sourceTree = "<group>"; };
		CD67B48F1F069AE00032F477 /* AASubtitle.m */ = {isa = PBXFileReference; fileEncoding = 4; lastKnownFileType = sourcecode.c.objc; path = AASubtitle.m; sourceTree = "<group>"; };
		CD67B4901F069AE00032F477 /* AATitle.h */ = {isa = PBXFileReference; fileEncoding = 4; lastKnownFileType = sourcecode.c.h; path = AATitle.h; sourceTree = "<group>"; };
		CD67B4911F069AE00032F477 /* AATitle.m */ = {isa = PBXFileReference; fileEncoding = 4; lastKnownFileType = sourcecode.c.objc; path = AATitle.m; sourceTree = "<group>"; };
		CD67B4921F069AE00032F477 /* AATooltip.h */ = {isa = PBXFileReference; fileEncoding = 4; lastKnownFileType = sourcecode.c.h; path = AATooltip.h; sourceTree = "<group>"; };
		CD67B4931F069AE00032F477 /* AATooltip.m */ = {isa = PBXFileReference; fileEncoding = 4; lastKnownFileType = sourcecode.c.objc; path = AATooltip.m; sourceTree = "<group>"; };
		CD67B4941F069AE00032F477 /* AAXAxis.h */ = {isa = PBXFileReference; fileEncoding = 4; lastKnownFileType = sourcecode.c.h; path = AAXAxis.h; sourceTree = "<group>"; };
		CD67B4951F069AE00032F477 /* AAXAxis.m */ = {isa = PBXFileReference; fileEncoding = 4; lastKnownFileType = sourcecode.c.objc; path = AAXAxis.m; sourceTree = "<group>"; };
		CD67B4961F069AE00032F477 /* AAYAxis.h */ = {isa = PBXFileReference; fileEncoding = 4; lastKnownFileType = sourcecode.c.h; path = AAYAxis.h; sourceTree = "<group>"; };
		CD67B4971F069AE00032F477 /* AAYAxis.m */ = {isa = PBXFileReference; fileEncoding = 4; lastKnownFileType = sourcecode.c.objc; path = AAYAxis.m; sourceTree = "<group>"; };
		CD67B4BE1F069E6C0032F477 /* PrefixHeader.pch */ = {isa = PBXFileReference; lastKnownFileType = sourcecode.c.h; path = PrefixHeader.pch; sourceTree = "<group>"; };
		CD67B4C31F08E38B0032F477 /* SelectParametersTableViewController.h */ = {isa = PBXFileReference; fileEncoding = 4; lastKnownFileType = sourcecode.c.h; path = SelectParametersTableViewController.h; sourceTree = "<group>"; };
		CD67B4C41F08E38B0032F477 /* SelectParametersTableViewController.m */ = {isa = PBXFileReference; fileEncoding = 4; lastKnownFileType = sourcecode.c.objc; path = SelectParametersTableViewController.m; sourceTree = "<group>"; };
		CD67B4C81F0940F00032F477 /* AlarmTableViewController.h */ = {isa = PBXFileReference; fileEncoding = 4; lastKnownFileType = sourcecode.c.h; path = AlarmTableViewController.h; sourceTree = "<group>"; };
		CD67B4C91F0940F00032F477 /* AlarmTableViewController.m */ = {isa = PBXFileReference; fileEncoding = 4; lastKnownFileType = sourcecode.c.objc; path = AlarmTableViewController.m; sourceTree = "<group>"; };
		CD74C7D81EFE40F200C6195F /* ChangeTrendViewController.h */ = {isa = PBXFileReference; fileEncoding = 4; lastKnownFileType = sourcecode.c.h; path = ChangeTrendViewController.h; sourceTree = "<group>"; };
		CD74C7D91EFE40F200C6195F /* ChangeTrendViewController.m */ = {isa = PBXFileReference; fileEncoding = 4; lastKnownFileType = sourcecode.c.objc; path = ChangeTrendViewController.m; sourceTree = "<group>"; };
		CD7D5EA21E4AB4BF0082CF37 /* LoginViewController.h */ = {isa = PBXFileReference; fileEncoding = 4; lastKnownFileType = sourcecode.c.h; path = LoginViewController.h; sourceTree = "<group>"; };
		CD7D5EA31E4AB4BF0082CF37 /* LoginViewController.m */ = {isa = PBXFileReference; fileEncoding = 4; lastKnownFileType = sourcecode.c.objc; path = LoginViewController.m; sourceTree = "<group>"; };
		CD7D5EA81E4AB60E0082CF37 /* MainViewController.h */ = {isa = PBXFileReference; fileEncoding = 4; lastKnownFileType = sourcecode.c.h; path = MainViewController.h; sourceTree = "<group>"; };
		CD7D5EA91E4AB60E0082CF37 /* MainViewController.m */ = {isa = PBXFileReference; fileEncoding = 4; lastKnownFileType = sourcecode.c.objc; path = MainViewController.m; sourceTree = "<group>"; };
		CD7D5ED61E4ABBB50082CF37 /* MeViewController.h */ = {isa = PBXFileReference; fileEncoding = 4; lastKnownFileType = sourcecode.c.h; path = MeViewController.h; sourceTree = "<group>"; };
		CD7D5ED71E4ABBB50082CF37 /* MeViewController.m */ = {isa = PBXFileReference; fileEncoding = 4; lastKnownFileType = sourcecode.c.objc; path = MeViewController.m; sourceTree = "<group>"; };
		CD7FFDB21E3E3894003DE455 /* PS.app */ = {isa = PBXFileReference; explicitFileType = wrapper.application; includeInIndex = 0; path = PS.app; sourceTree = BUILT_PRODUCTS_DIR; };
		CD7FFDB61E3E3894003DE455 /* main.m */ = {isa = PBXFileReference; lastKnownFileType = sourcecode.c.objc; path = main.m; sourceTree = "<group>"; };
		CD7FFDB81E3E3894003DE455 /* AppDelegate.h */ = {isa = PBXFileReference; lastKnownFileType = sourcecode.c.h; path = AppDelegate.h; sourceTree = "<group>"; };
		CD7FFDB91E3E3894003DE455 /* AppDelegate.m */ = {isa = PBXFileReference; lastKnownFileType = sourcecode.c.objc; path = AppDelegate.m; sourceTree = "<group>"; };
		CD7FFDBB1E3E3894003DE455 /* ViewController.h */ = {isa = PBXFileReference; lastKnownFileType = sourcecode.c.h; path = ViewController.h; sourceTree = "<group>"; };
		CD7FFDBC1E3E3894003DE455 /* ViewController.m */ = {isa = PBXFileReference; lastKnownFileType = sourcecode.c.objc; path = ViewController.m; sourceTree = "<group>"; };
		CD7FFDBF1E3E3894003DE455 /* Base */ = {isa = PBXFileReference; lastKnownFileType = file.storyboard; name = Base; path = Base.lproj/Main.storyboard; sourceTree = "<group>"; };
		CD7FFDC11E3E3894003DE455 /* Assets.xcassets */ = {isa = PBXFileReference; lastKnownFileType = folder.assetcatalog; path = Assets.xcassets; sourceTree = "<group>"; };
		CD7FFDC41E3E3894003DE455 /* Base */ = {isa = PBXFileReference; lastKnownFileType = file.storyboard; name = Base; path = Base.lproj/LaunchScreen.storyboard; sourceTree = "<group>"; };
		CD7FFDC61E3E3894003DE455 /* Info.plist */ = {isa = PBXFileReference; lastKnownFileType = text.plist.xml; path = Info.plist; sourceTree = "<group>"; };
		CD7FFDCB1E3E3894003DE455 /* PSTests.xctest */ = {isa = PBXFileReference; explicitFileType = wrapper.cfbundle; includeInIndex = 0; path = PSTests.xctest; sourceTree = BUILT_PRODUCTS_DIR; };
		CD7FFDCF1E3E3894003DE455 /* PSTests.m */ = {isa = PBXFileReference; lastKnownFileType = sourcecode.c.objc; path = PSTests.m; sourceTree = "<group>"; };
		CD7FFDD11E3E3894003DE455 /* Info.plist */ = {isa = PBXFileReference; lastKnownFileType = text.plist.xml; path = Info.plist; sourceTree = "<group>"; };
		CD7FFDD61E3E3894003DE455 /* PSUITests.xctest */ = {isa = PBXFileReference; explicitFileType = wrapper.cfbundle; includeInIndex = 0; path = PSUITests.xctest; sourceTree = BUILT_PRODUCTS_DIR; };
		CD7FFDDA1E3E3894003DE455 /* PSUITests.m */ = {isa = PBXFileReference; lastKnownFileType = sourcecode.c.objc; path = PSUITests.m; sourceTree = "<group>"; };
		CD7FFDDC1E3E3894003DE455 /* Info.plist */ = {isa = PBXFileReference; lastKnownFileType = text.plist.xml; path = Info.plist; sourceTree = "<group>"; };
		CD7FFDE91E3E3B09003DE455 /* ParameterTableViewController.h */ = {isa = PBXFileReference; fileEncoding = 4; lastKnownFileType = sourcecode.c.h; path = ParameterTableViewController.h; sourceTree = "<group>"; };
		CD7FFDEA1E3E3B09003DE455 /* ParameterTableViewController.m */ = {isa = PBXFileReference; fileEncoding = 4; lastKnownFileType = sourcecode.c.objc; path = ParameterTableViewController.m; sourceTree = "<group>"; };
		CD83FA711F20EF8600E02FDA /* Alert.h */ = {isa = PBXFileReference; fileEncoding = 4; lastKnownFileType = sourcecode.c.h; path = Alert.h; sourceTree = "<group>"; };
		CD83FA721F20EF8600E02FDA /* Alert.m */ = {isa = PBXFileReference; fileEncoding = 4; lastKnownFileType = sourcecode.c.objc; path = Alert.m; sourceTree = "<group>"; };
		CD83FA741F20EF8600E02FDA /* DataBaseNSUserDefaults.h */ = {isa = PBXFileReference; fileEncoding = 4; lastKnownFileType = sourcecode.c.h; path = DataBaseNSUserDefaults.h; sourceTree = "<group>"; };
		CD83FA751F20EF8600E02FDA /* DataBaseNSUserDefaults.m */ = {isa = PBXFileReference; fileEncoding = 4; lastKnownFileType = sourcecode.c.objc; path = DataBaseNSUserDefaults.m; sourceTree = "<group>"; };
		CD83FA771F20EF8600E02FDA /* JsonUtil.h */ = {isa = PBXFileReference; fileEncoding = 4; lastKnownFileType = sourcecode.c.h; path = JsonUtil.h; sourceTree = "<group>"; };
		CD83FA781F20EF8600E02FDA /* JsonUtil.m */ = {isa = PBXFileReference; fileEncoding = 4; lastKnownFileType = sourcecode.c.objc; path = JsonUtil.m; sourceTree = "<group>"; };
		CD83FA7A1F20EF8600E02FDA /* MBProgressHUD.h */ = {isa = PBXFileReference; fileEncoding = 4; lastKnownFileType = sourcecode.c.h; path = MBProgressHUD.h; sourceTree = "<group>"; };
		CD83FA7B1F20EF8600E02FDA /* MBProgressHUD.m */ = {isa = PBXFileReference; fileEncoding = 4; lastKnownFileType = sourcecode.c.objc; path = MBProgressHUD.m; sourceTree = "<group>"; };
		CD83FA7D1F20EF8600E02FDA /* MessageViewController.h */ = {isa = PBXFileReference; fileEncoding = 4; lastKnownFileType = sourcecode.c.h; path = MessageViewController.h; sourceTree = "<group>"; };
		CD83FA7E1F20EF8600E02FDA /* MessageViewController.m */ = {isa = PBXFileReference; fileEncoding = 4; lastKnownFileType = sourcecode.c.objc; path = MessageViewController.m; sourceTree = "<group>"; };
		CD83FA801F20EF8600E02FDA /* Toast.h */ = {isa = PBXFileReference; fileEncoding = 4; lastKnownFileType = sourcecode.c.h; path = Toast.h; sourceTree = "<group>"; };
		CD83FA811F20EF8600E02FDA /* Toast.m */ = {isa = PBXFileReference; fileEncoding = 4; lastKnownFileType = sourcecode.c.objc; path = Toast.m; sourceTree = "<group>"; };
		CDF2EF651E55443E00A499AE /* MethodControlViewController.h */ = {isa = PBXFileReference; fileEncoding = 4; lastKnownFileType = sourcecode.c.h; path = MethodControlViewController.h; sourceTree = "<group>"; };
		CDF2EF661E55443E00A499AE /* MethodControlViewController.m */ = {isa = PBXFileReference; fileEncoding = 4; lastKnownFileType = sourcecode.c.objc; path = MethodControlViewController.m; sourceTree = "<group>"; };
		CDF2EFD01E555A2700A499AE /* Parameter.m */ = {isa = PBXFileReference; fileEncoding = 4; lastKnownFileType = sourcecode.c.objc; path = Parameter.m; sourceTree = "<group>"; };
		CDF2EFD21E555A3100A499AE /* Parameter.h */ = {isa = PBXFileReference; lastKnownFileType = sourcecode.c.h; path = Parameter.h; sourceTree = "<group>"; };
		CDF2EFD41E555EB800A499AE /* CmdHistoryUITableViewController.h */ = {isa = PBXFileReference; fileEncoding = 4; lastKnownFileType = sourcecode.c.h; path = CmdHistoryUITableViewController.h; sourceTree = "<group>"; };
		CDF2EFD51E555EB800A499AE /* CmdHistoryUITableViewController.m */ = {isa = PBXFileReference; fileEncoding = 4; lastKnownFileType = sourcecode.c.objc; path = CmdHistoryUITableViewController.m; sourceTree = "<group>"; };
		CDF2EFD81E55613800A499AE /* CmdHistory.m */ = {isa = PBXFileReference; fileEncoding = 4; lastKnownFileType = sourcecode.c.objc; path = CmdHistory.m; sourceTree = "<group>"; };
		CDF2EFDA1E55614000A499AE /* CmdHistory.h */ = {isa = PBXFileReference; lastKnownFileType = sourcecode.c.h; path = CmdHistory.h; sourceTree = "<group>"; };
		CDF2F1311E5689C500A499AE /* AFHTTPRequestOperation.h */ = {isa = PBXFileReference; fileEncoding = 4; lastKnownFileType = sourcecode.c.h; path = AFHTTPRequestOperation.h; sourceTree = "<group>"; };
		CDF2F1321E5689C500A499AE /* AFHTTPRequestOperation.m */ = {isa = PBXFileReference; fileEncoding = 4; lastKnownFileType = sourcecode.c.objc; path = AFHTTPRequestOperation.m; sourceTree = "<group>"; };
		CDF2F1331E5689C500A499AE /* AFHTTPRequestOperationManager.h */ = {isa = PBXFileReference; fileEncoding = 4; lastKnownFileType = sourcecode.c.h; path = AFHTTPRequestOperationManager.h; sourceTree = "<group>"; };
		CDF2F1341E5689C500A499AE /* AFHTTPRequestOperationManager.m */ = {isa = PBXFileReference; fileEncoding = 4; lastKnownFileType = sourcecode.c.objc; path = AFHTTPRequestOperationManager.m; sourceTree = "<group>"; };
		CDF2F1351E5689C500A499AE /* AFHTTPSessionManager.h */ = {isa = PBXFileReference; fileEncoding = 4; lastKnownFileType = sourcecode.c.h; path = AFHTTPSessionManager.h; sourceTree = "<group>"; };
		CDF2F1361E5689C500A499AE /* AFHTTPSessionManager.m */ = {isa = PBXFileReference; fileEncoding = 4; lastKnownFileType = sourcecode.c.objc; path = AFHTTPSessionManager.m; sourceTree = "<group>"; };
		CDF2F1371E5689C500A499AE /* AFNetworking.h */ = {isa = PBXFileReference; fileEncoding = 4; lastKnownFileType = sourcecode.c.h; path = AFNetworking.h; sourceTree = "<group>"; };
		CDF2F1381E5689C500A499AE /* AFNetworkReachabilityManager.h */ = {isa = PBXFileReference; fileEncoding = 4; lastKnownFileType = sourcecode.c.h; path = AFNetworkReachabilityManager.h; sourceTree = "<group>"; };
		CDF2F1391E5689C500A499AE /* AFNetworkReachabilityManager.m */ = {isa = PBXFileReference; fileEncoding = 4; lastKnownFileType = sourcecode.c.objc; path = AFNetworkReachabilityManager.m; sourceTree = "<group>"; };
		CDF2F13A1E5689C500A499AE /* AFSecurityPolicy.h */ = {isa = PBXFileReference; fileEncoding = 4; lastKnownFileType = sourcecode.c.h; path = AFSecurityPolicy.h; sourceTree = "<group>"; };
		CDF2F13B1E5689C500A499AE /* AFSecurityPolicy.m */ = {isa = PBXFileReference; fileEncoding = 4; lastKnownFileType = sourcecode.c.objc; path = AFSecurityPolicy.m; sourceTree = "<group>"; };
		CDF2F13C1E5689C500A499AE /* AFURLConnectionOperation.h */ = {isa = PBXFileReference; fileEncoding = 4; lastKnownFileType = sourcecode.c.h; path = AFURLConnectionOperation.h; sourceTree = "<group>"; };
		CDF2F13D1E5689C500A499AE /* AFURLConnectionOperation.m */ = {isa = PBXFileReference; fileEncoding = 4; lastKnownFileType = sourcecode.c.objc; path = AFURLConnectionOperation.m; sourceTree = "<group>"; };
		CDF2F13E1E5689C500A499AE /* AFURLRequestSerialization.h */ = {isa = PBXFileReference; fileEncoding = 4; lastKnownFileType = sourcecode.c.h; path = AFURLRequestSerialization.h; sourceTree = "<group>"; };
		CDF2F13F1E5689C500A499AE /* AFURLRequestSerialization.m */ = {isa = PBXFileReference; fileEncoding = 4; lastKnownFileType = sourcecode.c.objc; path = AFURLRequestSerialization.m; sourceTree = "<group>"; };
		CDF2F1401E5689C500A499AE /* AFURLResponseSerialization.h */ = {isa = PBXFileReference; fileEncoding = 4; lastKnownFileType = sourcecode.c.h; path = AFURLResponseSerialization.h; sourceTree = "<group>"; };
		CDF2F1411E5689C500A499AE /* AFURLResponseSerialization.m */ = {isa = PBXFileReference; fileEncoding = 4; lastKnownFileType = sourcecode.c.objc; path = AFURLResponseSerialization.m; sourceTree = "<group>"; };
		CDF2F1421E5689C500A499AE /* AFURLSessionManager.h */ = {isa = PBXFileReference; fileEncoding = 4; lastKnownFileType = sourcecode.c.h; path = AFURLSessionManager.h; sourceTree = "<group>"; };
		CDF2F1431E5689C500A499AE /* AFURLSessionManager.m */ = {isa = PBXFileReference; fileEncoding = 4; lastKnownFileType = sourcecode.c.objc; path = AFURLSessionManager.m; sourceTree = "<group>"; };
		CDF2F1451E5689C500A499AE /* AFNetworkActivityIndicatorManager.h */ = {isa = PBXFileReference; fileEncoding = 4; lastKnownFileType = sourcecode.c.h; path = AFNetworkActivityIndicatorManager.h; sourceTree = "<group>"; };
		CDF2F1461E5689C500A499AE /* AFNetworkActivityIndicatorManager.m */ = {isa = PBXFileReference; fileEncoding = 4; lastKnownFileType = sourcecode.c.objc; path = AFNetworkActivityIndicatorManager.m; sourceTree = "<group>"; };
		CDF2F1471E5689C500A499AE /* UIActivityIndicatorView+AFNetworking.h */ = {isa = PBXFileReference; fileEncoding = 4; lastKnownFileType = sourcecode.c.h; path = "UIActivityIndicatorView+AFNetworking.h"; sourceTree = "<group>"; };
		CDF2F1481E5689C500A499AE /* UIActivityIndicatorView+AFNetworking.m */ = {isa = PBXFileReference; fileEncoding = 4; lastKnownFileType = sourcecode.c.objc; path = "UIActivityIndicatorView+AFNetworking.m"; sourceTree = "<group>"; };
		CDF2F1491E5689C500A499AE /* UIAlertView+AFNetworking.h */ = {isa = PBXFileReference; fileEncoding = 4; lastKnownFileType = sourcecode.c.h; path = "UIAlertView+AFNetworking.h"; sourceTree = "<group>"; };
		CDF2F14A1E5689C500A499AE /* UIAlertView+AFNetworking.m */ = {isa = PBXFileReference; fileEncoding = 4; lastKnownFileType = sourcecode.c.objc; path = "UIAlertView+AFNetworking.m"; sourceTree = "<group>"; };
		CDF2F14B1E5689C500A499AE /* UIButton+AFNetworking.h */ = {isa = PBXFileReference; fileEncoding = 4; lastKnownFileType = sourcecode.c.h; path = "UIButton+AFNetworking.h"; sourceTree = "<group>"; };
		CDF2F14C1E5689C500A499AE /* UIButton+AFNetworking.m */ = {isa = PBXFileReference; fileEncoding = 4; lastKnownFileType = sourcecode.c.objc; path = "UIButton+AFNetworking.m"; sourceTree = "<group>"; };
		CDF2F14D1E5689C500A499AE /* UIImageView+AFNetworking.h */ = {isa = PBXFileReference; fileEncoding = 4; lastKnownFileType = sourcecode.c.h; path = "UIImageView+AFNetworking.h"; sourceTree = "<group>"; };
		CDF2F14E1E5689C500A499AE /* UIImageView+AFNetworking.m */ = {isa = PBXFileReference; fileEncoding = 4; lastKnownFileType = sourcecode.c.objc; path = "UIImageView+AFNetworking.m"; sourceTree = "<group>"; };
		CDF2F14F1E5689C500A499AE /* UIKit+AFNetworking.h */ = {isa = PBXFileReference; fileEncoding = 4; lastKnownFileType = sourcecode.c.h; path = "UIKit+AFNetworking.h"; sourceTree = "<group>"; };
		CDF2F1501E5689C500A499AE /* UIProgressView+AFNetworking.h */ = {isa = PBXFileReference; fileEncoding = 4; lastKnownFileType = sourcecode.c.h; path = "UIProgressView+AFNetworking.h"; sourceTree = "<group>"; };
		CDF2F1511E5689C500A499AE /* UIProgressView+AFNetworking.m */ = {isa = PBXFileReference; fileEncoding = 4; lastKnownFileType = sourcecode.c.objc; path = "UIProgressView+AFNetworking.m"; sourceTree = "<group>"; };
		CDF2F1521E5689C500A499AE /* UIRefreshControl+AFNetworking.h */ = {isa = PBXFileReference; fileEncoding = 4; lastKnownFileType = sourcecode.c.h; path = "UIRefreshControl+AFNetworking.h"; sourceTree = "<group>"; };
		CDF2F1531E5689C500A499AE /* UIRefreshControl+AFNetworking.m */ = {isa = PBXFileReference; fileEncoding = 4; lastKnownFileType = sourcecode.c.objc; path = "UIRefreshControl+AFNetworking.m"; sourceTree = "<group>"; };
		CDF2F1541E5689C500A499AE /* UIWebView+AFNetworking.h */ = {isa = PBXFileReference; fileEncoding = 4; lastKnownFileType = sourcecode.c.h; path = "UIWebView+AFNetworking.h"; sourceTree = "<group>"; };
		CDF2F1551E5689C500A499AE /* UIWebView+AFNetworking.m */ = {isa = PBXFileReference; fileEncoding = 4; lastKnownFileType = sourcecode.c.objc; path = "UIWebView+AFNetworking.m"; sourceTree = "<group>"; };
/* End PBXFileReference section */

/* Begin PBXFrameworksBuildPhase section */
		CD7FFDAF1E3E3894003DE455 /* Frameworks */ = {
			isa = PBXFrameworksBuildPhase;
			buildActionMask = 2147483647;
			files = (
				CD5274BE1EFA242300AFFE67 /* UIKit.framework in Frameworks */,
				CD5274BC1EFA241B00AFFE67 /* CoreGraphics.framework in Frameworks */,
				CD5274BA1EFA241100AFFE67 /* Foundation.framework in Frameworks */,
			);
			runOnlyForDeploymentPostprocessing = 0;
		};
		CD7FFDC81E3E3894003DE455 /* Frameworks */ = {
			isa = PBXFrameworksBuildPhase;
			buildActionMask = 2147483647;
			files = (
			);
			runOnlyForDeploymentPostprocessing = 0;
		};
		CD7FFDD31E3E3894003DE455 /* Frameworks */ = {
			isa = PBXFrameworksBuildPhase;
			buildActionMask = 2147483647;
			files = (
			);
			runOnlyForDeploymentPostprocessing = 0;
		};
/* End PBXFrameworksBuildPhase section */

/* Begin PBXGroup section */
		CD169EB31ED2F06B002FB25E /* temperatureControl */ = {
			isa = PBXGroup;
			children = (
				CD169EB41ED2F09C002FB25E /* TemperatureControlViewController.h */,
				CD169EB51ED2F09C002FB25E /* TemperatureControlViewController.m */,
			);
			name = temperatureControl;
			sourceTree = "<group>";
		};
		CD3552741EC017EB00B33545 /* parameterInTableView */ = {
			isa = PBXGroup;
			children = (
				CD7FFDE91E3E3B09003DE455 /* ParameterTableViewController.h */,
				CD7FFDEA1E3E3B09003DE455 /* ParameterTableViewController.m */,
			);
			name = parameterInTableView;
			sourceTree = "<group>";
		};
		CD3552751EC0181700B33545 /* parameterInImage */ = {
			isa = PBXGroup;
			children = (
				CD5274891EF75C8900AFFE67 /* TestViewController.h */,
				CD52748A1EF75C8900AFFE67 /* TestViewController.m */,
			);
			name = parameterInImage;
			sourceTree = "<group>";
		};
		CD35528E1EC021AB00B33545 /* WMPageController */ = {
			isa = PBXGroup;
			children = (
				CD35528F1EC021AB00B33545 /* WMMenuView */,
				CD3552981EC021AB00B33545 /* WMPageController.h */,
				CD3552991EC021AB00B33545 /* WMPageController.m */,
			);
			path = WMPageController;
			sourceTree = "<group>";
		};
		CD35528F1EC021AB00B33545 /* WMMenuView */ = {
			isa = PBXGroup;
			children = (
				CD3552901EC021AB00B33545 /* WMMenuItem.h */,
				CD3552911EC021AB00B33545 /* WMMenuItem.m */,
				CD3552921EC021AB00B33545 /* WMMenuView.h */,
				CD3552931EC021AB00B33545 /* WMMenuView.m */,
				CD3552941EC021AB00B33545 /* WMProgressView.h */,
				CD3552951EC021AB00B33545 /* WMProgressView.m */,
				CD3552961EC021AB00B33545 /* WMScrollView.h */,
				CD3552971EC021AB00B33545 /* WMScrollView.m */,
			);
			path = WMMenuView;
			sourceTree = "<group>";
		};
		CD35529F1EC021DD00B33545 /* otherControll */ = {
			isa = PBXGroup;
			children = (
				CD169EB31ED2F06B002FB25E /* temperatureControl */,
				CD3552AC1EC1F08F00B33545 /* loadMotor */,
				CD3552A81EC14E2700B33545 /* gearControll */,
				CD3552A41EC0236B00B33545 /* motorController */,
				CD3552A01EC021FE00B33545 /* pageController */,
			);
			name = otherControll;
			sourceTree = "<group>";
		};
		CD3552A01EC021FE00B33545 /* pageController */ = {
			isa = PBXGroup;
			children = (
				CD3552A11EC0222500B33545 /* OtherControllerPageViewController.h */,
				CD3552A21EC0222500B33545 /* OtherControllerPageViewController.m */,
			);
			name = pageController;
			sourceTree = "<group>";
		};
		CD3552A41EC0236B00B33545 /* motorController */ = {
			isa = PBXGroup;
			children = (
				CD3552A51EC023AB00B33545 /* MotorViewController.h */,
				CD3552A61EC023AB00B33545 /* MotorViewController.m */,
			);
			name = motorController;
			sourceTree = "<group>";
		};
		CD3552A81EC14E2700B33545 /* gearControll */ = {
			isa = PBXGroup;
			children = (
				CD3552A91EC14E6300B33545 /* GearViewController.h */,
				CD3552AA1EC14E6300B33545 /* GearViewController.m */,
			);
			name = gearControll;
			sourceTree = "<group>";
		};
		CD3552AC1EC1F08F00B33545 /* loadMotor */ = {
			isa = PBXGroup;
			children = (
				CD3552AD1EC1F0C100B33545 /* LoadMotorViewController.h */,
				CD3552AE1EC1F0C100B33545 /* LoadMotorViewController.m */,
			);
			name = loadMotor;
			sourceTree = "<group>";
		};
		CD4A97211F111CF500243F68 /* createData */ = {
			isa = PBXGroup;
			children = (
				CD4A97221F111D6000243F68 /* RecordedParameterTableViewController.h */,
				CD4A97231F111D6000243F68 /* RecordedParameterTableViewController.m */,
			);
			name = createData;
			sourceTree = "<group>";
		};
		CD4A97251F11277A00243F68 /* recordParameters */ = {
			isa = PBXGroup;
			children = (
				CD4A97261F1127C600243F68 /* parameters */,
				CD4A97211F111CF500243F68 /* createData */,
			);
			name = recordParameters;
			sourceTree = "<group>";
		};
		CD4A97261F1127C600243F68 /* parameters */ = {
			isa = PBXGroup;
			children = (
				CD4A97271F11280700243F68 /* RecordTableViewController.h */,
				CD4A97281F11280700243F68 /* RecordTableViewController.m */,
			);
			name = parameters;
			sourceTree = "<group>";
		};
		CD4EB4361F0D3E880005512E /* fileList */ = {
			isa = PBXGroup;
			children = (
				CD4EB43A1F0D40E60005512E /* file */,
				CD4EB4371F0D3EC70005512E /* FileListTableViewController.h */,
				CD4EB4381F0D3EC70005512E /* FileListTableViewController.m */,
			);
			name = fileList;
			sourceTree = "<group>";
		};
		CD4EB43A1F0D40E60005512E /* file */ = {
			isa = PBXGroup;
			children = (
				CD4EB43B1F0D41250005512E /* File.h */,
				CD4EB43C1F0D413A0005512E /* File.m */,
			);
			name = file;
			sourceTree = "<group>";
		};
		CD5274901EF7C72000AFFE67 /* img */ = {
			isa = PBXGroup;
			children = (
				CD5274AC1EF7C7EC00AFFE67 /* system.png */,
				CD5274911EF7C72000AFFE67 /* avatar.png */,
				CD5274921EF7C72000AFFE67 /* bottom */,
				CD52749D1EF7C72000AFFE67 /* selected2.png */,
				CD52749E1EF7C72000AFFE67 /* un_selected.png */,
			);
			path = img;
			sourceTree = "<group>";
		};
		CD5274921EF7C72000AFFE67 /* bottom */ = {
			isa = PBXGroup;
			children = (
				CD5274931EF7C72000AFFE67 /* daxue@2x.png */,
				CD5274941EF7C72000AFFE67 /* daxue_1@2x.png */,
				CD5274951EF7C72000AFFE67 /* pengyou@2x.png */,
				CD5274961EF7C72000AFFE67 /* pengyou_1@2x.png */,
				CD5274971EF7C72000AFFE67 /* shequ@2x.png */,
				CD5274981EF7C72000AFFE67 /* shequ_1@2x.png */,
				CD5274991EF7C72000AFFE67 /* wode@2x.png */,
				CD52749A1EF7C72000AFFE67 /* wode_1@2x.png */,
				CD52749B1EF7C72000AFFE67 /* xiaoyuan@2x.png */,
				CD52749C1EF7C72000AFFE67 /* xiaoyuan_1@2x.png */,
			);
			path = bottom;
			sourceTree = "<group>";
		};
		CD5274B81EFA241000AFFE67 /* Frameworks */ = {
			isa = PBXGroup;
			children = (
				CD5274BD1EFA242300AFFE67 /* UIKit.framework */,
				CD5274BB1EFA241B00AFFE67 /* CoreGraphics.framework */,
				CD5274B91EFA241100AFFE67 /* Foundation.framework */,
			);
			name = Frameworks;
			sourceTree = "<group>";
		};
		CD67B44F1F069AE00032F477 /* AAChartKitLib */ = {
			isa = PBXGroup;
			children = (
				CD67B4501F069AE00032F477 /* AAChartConfiger */,
				CD67B45B1F069AE00032F477 /* AAChartKit.podspec */,
				CD67B45C1F069AE00032F477 /* AAJSFiles */,
				CD67B4631F069AE00032F477 /* AAOptionsModel */,
			);
			path = AAChartKitLib;
			sourceTree = "<group>";
		};
		CD67B4501F069AE00032F477 /* AAChartConfiger */ = {
			isa = PBXGroup;
			children = (
				CD67B4511F069AE00032F477 /* AAChartKit.h */,
				CD67B4521F069AE00032F477 /* AAChartModel.h */,
				CD67B4531F069AE00032F477 /* AAChartModel.m */,
				CD67B4541F069AE00032F477 /* AAChartView.h */,
				CD67B4551F069AE00032F477 /* AAChartView.m */,
				CD67B4561F069AE00032F477 /* AAGlobalMacro.h */,
				CD67B4571F069AE00032F477 /* AAJsonConverter.h */,
				CD67B4581F069AE00032F477 /* AAJsonConverter.m */,
				CD67B4591F069AE00032F477 /* AAOptionsConstructor.h */,
				CD67B45A1F069AE00032F477 /* AAOptionsConstructor.m */,
			);
			path = AAChartConfiger;
			sourceTree = "<group>";
		};
		CD67B45C1F069AE00032F477 /* AAJSFiles */ = {
			isa = PBXGroup;
			children = (
				CD67B45D1F069AE00032F477 /* AAChartView.html */,
				CD67B45E1F069AE00032F477 /* AAFunnel.js */,
				CD67B45F1F069AE00032F477 /* AAHighcharts-3d.js */,
				CD67B4601F069AE00032F477 /* AAHighchartsLibrary.js */,
				CD67B4611F069AE00032F477 /* AAHighchartsMore.js */,
				CD67B4621F069AE00032F477 /* AAJQueryLibrary.js */,
			);
			path = AAJSFiles;
			sourceTree = "<group>";
		};
		CD67B4631F069AE00032F477 /* AAOptionsModel */ = {
			isa = PBXGroup;
			children = (
				CD67B4641F069AE00032F477 /* AAAnimation.h */,
				CD67B4651F069AE00032F477 /* AAAnimation.m */,
				CD67B4661F069AE00032F477 /* AAArea.h */,
				CD67B4671F069AE00032F477 /* AAArea.m */,
				CD67B4681F069AE00032F477 /* AAAreaspline.h */,
				CD67B4691F069AE00032F477 /* AAAreaspline.m */,
				CD67B46A1F069AE00032F477 /* AABar.h */,
				CD67B46B1F069AE00032F477 /* AABar.m */,
				CD67B46C1F069AE00032F477 /* AAChart.h */,
				CD67B46D1F069AE00032F477 /* AAChart.m */,
				CD67B46E1F069AE00032F477 /* AAColumn.h */,
				CD67B46F1F069AE00032F477 /* AAColumn.m */,
				CD67B4701F069AE00032F477 /* AADataLabels.h */,
				CD67B4711F069AE00032F477 /* AADataLabels.m */,
				CD67B4721F069AE00032F477 /* AAItemStyle.h */,
				CD67B4731F069AE00032F477 /* AAItemStyle.m */,
				CD67B4741F069AE00032F477 /* AALabels.h */,
				CD67B4751F069AE00032F477 /* AALabels.m */,
				CD67B4761F069AE00032F477 /* AALegend.h */,
				CD67B4771F069AE00032F477 /* AALegend.m */,
				CD67B4781F069AE00032F477 /* AALine.h */,
				CD67B4791F069AE00032F477 /* AALine.m */,
				CD67B47A1F069AE00032F477 /* AAMarker.h */,
				CD67B47B1F069AE00032F477 /* AAMarker.m */,
				CD67B47C1F069AE00032F477 /* AAOptions.h */,
				CD67B47D1F069AE00032F477 /* AAOptions.m */,
				CD67B47E1F069AE00032F477 /* AAOptions3d.h */,
				CD67B47F1F069AE00032F477 /* AAOptions3d.m */,
				CD67B4801F069AE00032F477 /* AAPie.h */,
				CD67B4811F069AE00032F477 /* AAPie.m */,
				CD67B4821F069AE00032F477 /* AAPlotLinesElement.h */,
				CD67B4831F069AE00032F477 /* AAPlotLinesElement.m */,
				CD67B4841F069AE00032F477 /* AAPlotOptions.h */,
				CD67B4851F069AE00032F477 /* AAPlotOptions.m */,
				CD67B4861F069AE00032F477 /* AASeries.h */,
				CD67B4871F069AE00032F477 /* AASeries.m */,
				CD67B4881F069AE00032F477 /* AASeriesElement.h */,
				CD67B4891F069AE00032F477 /* AASeriesElement.m */,
				CD67B48A1F069AE00032F477 /* AASpline.h */,
				CD67B48B1F069AE00032F477 /* AASpline.m */,
				CD67B48C1F069AE00032F477 /* AAStyle.h */,
				CD67B48D1F069AE00032F477 /* AAStyle.m */,
				CD67B48E1F069AE00032F477 /* AASubtitle.h */,
				CD67B48F1F069AE00032F477 /* AASubtitle.m */,
				CD67B4901F069AE00032F477 /* AATitle.h */,
				CD67B4911F069AE00032F477 /* AATitle.m */,
				CD67B4921F069AE00032F477 /* AATooltip.h */,
				CD67B4931F069AE00032F477 /* AATooltip.m */,
				CD67B4941F069AE00032F477 /* AAXAxis.h */,
				CD67B4951F069AE00032F477 /* AAXAxis.m */,
				CD67B4961F069AE00032F477 /* AAYAxis.h */,
				CD67B4971F069AE00032F477 /* AAYAxis.m */,
			);
			path = AAOptionsModel;
			sourceTree = "<group>";
		};
		CD67B4BF1F08E3160032F477 /* SelectParameters */ = {
			isa = PBXGroup;
			children = (
				CD67B4C31F08E38B0032F477 /* SelectParametersTableViewController.h */,
				CD67B4C41F08E38B0032F477 /* SelectParametersTableViewController.m */,
			);
			name = SelectParameters;
			sourceTree = "<group>";
		};
		CD67B4C61F08EF630032F477 /* view */ = {
			isa = PBXGroup;
			children = (
				CD74C7D81EFE40F200C6195F /* ChangeTrendViewController.h */,
				CD74C7D91EFE40F200C6195F /* ChangeTrendViewController.m */,
			);
			name = view;
			sourceTree = "<group>";
		};
		CD67B4C71F0940890032F477 /* Alarm */ = {
			isa = PBXGroup;
			children = (
				CD67B4C81F0940F00032F477 /* AlarmTableViewController.h */,
				CD67B4C91F0940F00032F477 /* AlarmTableViewController.m */,
			);
			name = Alarm;
			sourceTree = "<group>";
		};
		CD74C7D71EFE409500C6195F /* AAChartKit */ = {
			isa = PBXGroup;
			children = (
				CD67B4C61F08EF630032F477 /* view */,
				CD67B4BF1F08E3160032F477 /* SelectParameters */,
			);
			name = AAChartKit;
			sourceTree = "<group>";
		};
		CD7D5E9D1E4AB27A0082CF37 /* mainTabBar */ = {
			isa = PBXGroup;
			children = (
				CD7D5EA81E4AB60E0082CF37 /* MainViewController.h */,
				CD7D5EA91E4AB60E0082CF37 /* MainViewController.m */,
			);
			name = mainTabBar;
			sourceTree = "<group>";
		};
		CD7D5EA11E4AB4A60082CF37 /* login */ = {
			isa = PBXGroup;
			children = (
				CD7D5EA21E4AB4BF0082CF37 /* LoginViewController.h */,
				CD7D5EA31E4AB4BF0082CF37 /* LoginViewController.m */,
			);
			name = login;
			sourceTree = "<group>";
		};
		CD7D5ED51E4ABB9C0082CF37 /* me */ = {
			isa = PBXGroup;
			children = (
				CD7D5ED61E4ABBB50082CF37 /* MeViewController.h */,
				CD7D5ED71E4ABBB50082CF37 /* MeViewController.m */,
			);
			name = me;
			sourceTree = "<group>";
		};
		CD7D5ED91E4ABF600082CF37 /* changeTrend */ = {
			isa = PBXGroup;
			children = (
				CD74C7D71EFE409500C6195F /* AAChartKit */,
			);
			name = changeTrend;
			sourceTree = "<group>";
		};
		CD7FFDA91E3E3894003DE455 = {
			isa = PBXGroup;
			children = (
				CD83FA6F1F20EF8600E02FDA /* utility */,
				CD67B44F1F069AE00032F477 /* AAChartKitLib */,
				CD35528E1EC021AB00B33545 /* WMPageController */,
				CDF2F12F1E5689C500A499AE /* AFNetworking */,
				CD7FFDB41E3E3894003DE455 /* PS */,
				CD7FFDCE1E3E3894003DE455 /* PSTests */,
				CD7FFDD91E3E3894003DE455 /* PSUITests */,
				CD7FFDB31E3E3894003DE455 /* Products */,
				CD5274B81EFA241000AFFE67 /* Frameworks */,
			);
			sourceTree = "<group>";
		};
		CD7FFDB31E3E3894003DE455 /* Products */ = {
			isa = PBXGroup;
			children = (
				CD7FFDB21E3E3894003DE455 /* PS.app */,
				CD7FFDCB1E3E3894003DE455 /* PSTests.xctest */,
				CD7FFDD61E3E3894003DE455 /* PSUITests.xctest */,
			);
			name = Products;
			sourceTree = "<group>";
		};
		CD7FFDB41E3E3894003DE455 /* PS */ = {
			isa = PBXGroup;
			children = (
				CD4A97251F11277A00243F68 /* recordParameters */,
				CD4EB4361F0D3E880005512E /* fileList */,
				CD35529F1EC021DD00B33545 /* otherControll */,
				CDF2EF641E55442900A499AE /* methodControl */,
				CD7D5ED91E4ABF600082CF37 /* changeTrend */,
				CD7D5ED51E4ABB9C0082CF37 /* me */,
				CD7D5EA11E4AB4A60082CF37 /* login */,
				CD7D5E9D1E4AB27A0082CF37 /* mainTabBar */,
				CD7FFDE81E3E3ACB003DE455 /* showParameter */,
				CD7FFDB81E3E3894003DE455 /* AppDelegate.h */,
				CD7FFDB91E3E3894003DE455 /* AppDelegate.m */,
				CD7FFDBB1E3E3894003DE455 /* ViewController.h */,
				CD7FFDBC1E3E3894003DE455 /* ViewController.m */,
				CD7FFDBE1E3E3894003DE455 /* Main.storyboard */,
				CD7FFDC11E3E3894003DE455 /* Assets.xcassets */,
				CD7FFDC31E3E3894003DE455 /* LaunchScreen.storyboard */,
				CD7FFDC61E3E3894003DE455 /* Info.plist */,
				CD7FFDB51E3E3894003DE455 /* Supporting Files */,
				CD67B4BE1F069E6C0032F477 /* PrefixHeader.pch */,
			);
			path = PS;
			sourceTree = "<group>";
		};
		CD7FFDB51E3E3894003DE455 /* Supporting Files */ = {
			isa = PBXGroup;
			children = (
				CD5274901EF7C72000AFFE67 /* img */,
				CD7FFDB61E3E3894003DE455 /* main.m */,
			);
			name = "Supporting Files";
			sourceTree = "<group>";
		};
		CD7FFDCE1E3E3894003DE455 /* PSTests */ = {
			isa = PBXGroup;
			children = (
				CD7FFDCF1E3E3894003DE455 /* PSTests.m */,
				CD7FFDD11E3E3894003DE455 /* Info.plist */,
			);
			path = PSTests;
			sourceTree = "<group>";
		};
		CD7FFDD91E3E3894003DE455 /* PSUITests */ = {
			isa = PBXGroup;
			children = (
				CD7FFDDA1E3E3894003DE455 /* PSUITests.m */,
				CD7FFDDC1E3E3894003DE455 /* Info.plist */,
			);
			path = PSUITests;
			sourceTree = "<group>";
		};
		CD7FFDE81E3E3ACB003DE455 /* showParameter */ = {
			isa = PBXGroup;
			children = (
				CD3552751EC0181700B33545 /* parameterInImage */,
				CD3552741EC017EB00B33545 /* parameterInTableView */,
				CDF2EFCF1E555A0100A499AE /* paramenter */,
			);
			name = showParameter;
			sourceTree = "<group>";
		};
		CD83FA6F1F20EF8600E02FDA /* utility */ = {
			isa = PBXGroup;
			children = (
				CD83FA701F20EF8600E02FDA /* alert */,
				CD83FA731F20EF8600E02FDA /* DataBaseNSUserDefaults */,
				CD83FA761F20EF8600E02FDA /* jsonUtil */,
				CD83FA791F20EF8600E02FDA /* MBProgressHUD */,
				CD83FA7C1F20EF8600E02FDA /* messageViewController */,
				CD83FA7F1F20EF8600E02FDA /* toast */,
			);
			path = utility;
			sourceTree = "<group>";
		};
		CD83FA701F20EF8600E02FDA /* alert */ = {
			isa = PBXGroup;
			children = (
				CD83FA711F20EF8600E02FDA /* Alert.h */,
				CD83FA721F20EF8600E02FDA /* Alert.m */,
			);
			path = alert;
			sourceTree = "<group>";
		};
		CD83FA731F20EF8600E02FDA /* DataBaseNSUserDefaults */ = {
			isa = PBXGroup;
			children = (
				CD83FA741F20EF8600E02FDA /* DataBaseNSUserDefaults.h */,
				CD83FA751F20EF8600E02FDA /* DataBaseNSUserDefaults.m */,
			);
			path = DataBaseNSUserDefaults;
			sourceTree = "<group>";
		};
		CD83FA761F20EF8600E02FDA /* jsonUtil */ = {
			isa = PBXGroup;
			children = (
				CD83FA771F20EF8600E02FDA /* JsonUtil.h */,
				CD83FA781F20EF8600E02FDA /* JsonUtil.m */,
			);
			path = jsonUtil;
			sourceTree = "<group>";
		};
		CD83FA791F20EF8600E02FDA /* MBProgressHUD */ = {
			isa = PBXGroup;
			children = (
				CD83FA7A1F20EF8600E02FDA /* MBProgressHUD.h */,
				CD83FA7B1F20EF8600E02FDA /* MBProgressHUD.m */,
			);
			path = MBProgressHUD;
			sourceTree = "<group>";
		};
		CD83FA7C1F20EF8600E02FDA /* messageViewController */ = {
			isa = PBXGroup;
			children = (
				CD83FA7D1F20EF8600E02FDA /* MessageViewController.h */,
				CD83FA7E1F20EF8600E02FDA /* MessageViewController.m */,
			);
			path = messageViewController;
			sourceTree = "<group>";
		};
		CD83FA7F1F20EF8600E02FDA /* toast */ = {
			isa = PBXGroup;
			children = (
				CD83FA801F20EF8600E02FDA /* Toast.h */,
				CD83FA811F20EF8600E02FDA /* Toast.m */,
			);
			path = toast;
			sourceTree = "<group>";
		};
		CDF2EF641E55442900A499AE /* methodControl */ = {
			isa = PBXGroup;
			children = (
				CD67B4C71F0940890032F477 /* Alarm */,
				CDF2EFD31E555E9300A499AE /* CmdHistory */,
				CDF2EF651E55443E00A499AE /* MethodControlViewController.h */,
				CDF2EF661E55443E00A499AE /* MethodControlViewController.m */,
			);
			name = methodControl;
			sourceTree = "<group>";
		};
		CDF2EFCF1E555A0100A499AE /* paramenter */ = {
			isa = PBXGroup;
			children = (
				CDF2EFD01E555A2700A499AE /* Parameter.m */,
				CDF2EFD21E555A3100A499AE /* Parameter.h */,
			);
			name = paramenter;
			sourceTree = "<group>";
		};
		CDF2EFD31E555E9300A499AE /* CmdHistory */ = {
			isa = PBXGroup;
			children = (
				CDF2EFD71E55611800A499AE /* cmdHistory */,
				CDF2EFD41E555EB800A499AE /* CmdHistoryUITableViewController.h */,
				CDF2EFD51E555EB800A499AE /* CmdHistoryUITableViewController.m */,
			);
			name = CmdHistory;
			sourceTree = "<group>";
		};
		CDF2EFD71E55611800A499AE /* cmdHistory */ = {
			isa = PBXGroup;
			children = (
				CDF2EFD81E55613800A499AE /* CmdHistory.m */,
				CDF2EFDA1E55614000A499AE /* CmdHistory.h */,
			);
			name = cmdHistory;
			sourceTree = "<group>";
		};
		CDF2F12F1E5689C500A499AE /* AFNetworking */ = {
			isa = PBXGroup;
			children = (
				CDF2F1301E5689C500A499AE /* AFNetworking */,
				CDF2F1441E5689C500A499AE /* UIKit+AFNetworking */,
			);
			path = AFNetworking;
			sourceTree = "<group>";
		};
		CDF2F1301E5689C500A499AE /* AFNetworking */ = {
			isa = PBXGroup;
			children = (
				CDF2F1311E5689C500A499AE /* AFHTTPRequestOperation.h */,
				CDF2F1321E5689C500A499AE /* AFHTTPRequestOperation.m */,
				CDF2F1331E5689C500A499AE /* AFHTTPRequestOperationManager.h */,
				CDF2F1341E5689C500A499AE /* AFHTTPRequestOperationManager.m */,
				CDF2F1351E5689C500A499AE /* AFHTTPSessionManager.h */,
				CDF2F1361E5689C500A499AE /* AFHTTPSessionManager.m */,
				CDF2F1371E5689C500A499AE /* AFNetworking.h */,
				CDF2F1381E5689C500A499AE /* AFNetworkReachabilityManager.h */,
				CDF2F1391E5689C500A499AE /* AFNetworkReachabilityManager.m */,
				CDF2F13A1E5689C500A499AE /* AFSecurityPolicy.h */,
				CDF2F13B1E5689C500A499AE /* AFSecurityPolicy.m */,
				CDF2F13C1E5689C500A499AE /* AFURLConnectionOperation.h */,
				CDF2F13D1E5689C500A499AE /* AFURLConnectionOperation.m */,
				CDF2F13E1E5689C500A499AE /* AFURLRequestSerialization.h */,
				CDF2F13F1E5689C500A499AE /* AFURLRequestSerialization.m */,
				CDF2F1401E5689C500A499AE /* AFURLResponseSerialization.h */,
				CDF2F1411E5689C500A499AE /* AFURLResponseSerialization.m */,
				CDF2F1421E5689C500A499AE /* AFURLSessionManager.h */,
				CDF2F1431E5689C500A499AE /* AFURLSessionManager.m */,
			);
			path = AFNetworking;
			sourceTree = "<group>";
		};
		CDF2F1441E5689C500A499AE /* UIKit+AFNetworking */ = {
			isa = PBXGroup;
			children = (
				CDF2F1451E5689C500A499AE /* AFNetworkActivityIndicatorManager.h */,
				CDF2F1461E5689C500A499AE /* AFNetworkActivityIndicatorManager.m */,
				CDF2F1471E5689C500A499AE /* UIActivityIndicatorView+AFNetworking.h */,
				CDF2F1481E5689C500A499AE /* UIActivityIndicatorView+AFNetworking.m */,
				CDF2F1491E5689C500A499AE /* UIAlertView+AFNetworking.h */,
				CDF2F14A1E5689C500A499AE /* UIAlertView+AFNetworking.m */,
				CDF2F14B1E5689C500A499AE /* UIButton+AFNetworking.h */,
				CDF2F14C1E5689C500A499AE /* UIButton+AFNetworking.m */,
				CDF2F14D1E5689C500A499AE /* UIImageView+AFNetworking.h */,
				CDF2F14E1E5689C500A499AE /* UIImageView+AFNetworking.m */,
				CDF2F14F1E5689C500A499AE /* UIKit+AFNetworking.h */,
				CDF2F1501E5689C500A499AE /* UIProgressView+AFNetworking.h */,
				CDF2F1511E5689C500A499AE /* UIProgressView+AFNetworking.m */,
				CDF2F1521E5689C500A499AE /* UIRefreshControl+AFNetworking.h */,
				CDF2F1531E5689C500A499AE /* UIRefreshControl+AFNetworking.m */,
				CDF2F1541E5689C500A499AE /* UIWebView+AFNetworking.h */,
				CDF2F1551E5689C500A499AE /* UIWebView+AFNetworking.m */,
			);
			path = "UIKit+AFNetworking";
			sourceTree = "<group>";
		};
/* End PBXGroup section */

/* Begin PBXNativeTarget section */
		CD7FFDB11E3E3894003DE455 /* PS */ = {
			isa = PBXNativeTarget;
			buildConfigurationList = CD7FFDDF1E3E3894003DE455 /* Build configuration list for PBXNativeTarget "PS" */;
			buildPhases = (
				CD7FFDAE1E3E3894003DE455 /* Sources */,
				CD7FFDAF1E3E3894003DE455 /* Frameworks */,
				CD7FFDB01E3E3894003DE455 /* Resources */,
			);
			buildRules = (
			);
			dependencies = (
			);
			name = PS;
			productName = PS;
			productReference = CD7FFDB21E3E3894003DE455 /* PS.app */;
			productType = "com.apple.product-type.application";
		};
		CD7FFDCA1E3E3894003DE455 /* PSTests */ = {
			isa = PBXNativeTarget;
			buildConfigurationList = CD7FFDE21E3E3894003DE455 /* Build configuration list for PBXNativeTarget "PSTests" */;
			buildPhases = (
				CD7FFDC71E3E3894003DE455 /* Sources */,
				CD7FFDC81E3E3894003DE455 /* Frameworks */,
				CD7FFDC91E3E3894003DE455 /* Resources */,
			);
			buildRules = (
			);
			dependencies = (
				CD7FFDCD1E3E3894003DE455 /* PBXTargetDependency */,
			);
			name = PSTests;
			productName = PSTests;
			productReference = CD7FFDCB1E3E3894003DE455 /* PSTests.xctest */;
			productType = "com.apple.product-type.bundle.unit-test";
		};
		CD7FFDD51E3E3894003DE455 /* PSUITests */ = {
			isa = PBXNativeTarget;
			buildConfigurationList = CD7FFDE51E3E3894003DE455 /* Build configuration list for PBXNativeTarget "PSUITests" */;
			buildPhases = (
				CD7FFDD21E3E3894003DE455 /* Sources */,
				CD7FFDD31E3E3894003DE455 /* Frameworks */,
				CD7FFDD41E3E3894003DE455 /* Resources */,
			);
			buildRules = (
			);
			dependencies = (
				CD7FFDD81E3E3894003DE455 /* PBXTargetDependency */,
			);
			name = PSUITests;
			productName = PSUITests;
			productReference = CD7FFDD61E3E3894003DE455 /* PSUITests.xctest */;
			productType = "com.apple.product-type.bundle.ui-testing";
		};
/* End PBXNativeTarget section */

/* Begin PBXProject section */
		CD7FFDAA1E3E3894003DE455 /* Project object */ = {
			isa = PBXProject;
			attributes = {
				LastUpgradeCheck = 0820;
				ORGANIZATIONNAME = yuzhiyun;
				TargetAttributes = {
					CD7FFDB11E3E3894003DE455 = {
						CreatedOnToolsVersion = 8.2.1;
						DevelopmentTeam = 65965BYU24;
						ProvisioningStyle = Automatic;
					};
					CD7FFDCA1E3E3894003DE455 = {
						CreatedOnToolsVersion = 8.2.1;
						DevelopmentTeam = F36KV5ER57;
						ProvisioningStyle = Automatic;
						TestTargetID = CD7FFDB11E3E3894003DE455;
					};
					CD7FFDD51E3E3894003DE455 = {
						CreatedOnToolsVersion = 8.2.1;
						DevelopmentTeam = F36KV5ER57;
						ProvisioningStyle = Automatic;
						TestTargetID = CD7FFDB11E3E3894003DE455;
					};
				};
			};
			buildConfigurationList = CD7FFDAD1E3E3894003DE455 /* Build configuration list for PBXProject "PS" */;
			compatibilityVersion = "Xcode 3.2";
			developmentRegion = English;
			hasScannedForEncodings = 0;
			knownRegions = (
				en,
				Base,
			);
			mainGroup = CD7FFDA91E3E3894003DE455;
			productRefGroup = CD7FFDB31E3E3894003DE455 /* Products */;
			projectDirPath = "";
			projectRoot = "";
			targets = (
				CD7FFDB11E3E3894003DE455 /* PS */,
				CD7FFDCA1E3E3894003DE455 /* PSTests */,
				CD7FFDD51E3E3894003DE455 /* PSUITests */,
			);
		};
/* End PBXProject section */

/* Begin PBXResourcesBuildPhase section */
		CD7FFDB01E3E3894003DE455 /* Resources */ = {
			isa = PBXResourcesBuildPhase;
			buildActionMask = 2147483647;
			files = (
				CD52749F1EF7C72000AFFE67 /* avatar.png in Resources */,
				CD5274AB1EF7C72000AFFE67 /* un_selected.png in Resources */,
				CD67B49E1F069AE00032F477 /* AAFunnel.js in Resources */,
				CD5274AD1EF7C7EC00AFFE67 /* system.png in Resources */,
				CD5274A51EF7C72000AFFE67 /* shequ_1@2x.png in Resources */,
				CD5274A61EF7C72000AFFE67 /* wode@2x.png in Resources */,
				CD67B49D1F069AE00032F477 /* AAChartView.html in Resources */,
				CD5274A21EF7C72000AFFE67 /* pengyou@2x.png in Resources */,
				CD67B4A21F069AE00032F477 /* AAJQueryLibrary.js in Resources */,
				CD67B49F1F069AE00032F477 /* AAHighcharts-3d.js in Resources */,
				CD5274A41EF7C72000AFFE67 /* shequ@2x.png in Resources */,
				CD5274A31EF7C72000AFFE67 /* pengyou_1@2x.png in Resources */,
				CD7FFDC51E3E3894003DE455 /* LaunchScreen.storyboard in Resources */,
				CD5274A11EF7C72000AFFE67 /* daxue_1@2x.png in Resources */,
				CD67B4A01F069AE00032F477 /* AAHighchartsLibrary.js in Resources */,
				CD5274A01EF7C72000AFFE67 /* daxue@2x.png in Resources */,
				CD5274A71EF7C72000AFFE67 /* wode_1@2x.png in Resources */,
				CD7FFDC21E3E3894003DE455 /* Assets.xcassets in Resources */,
				CD5274A91EF7C72000AFFE67 /* xiaoyuan_1@2x.png in Resources */,
				CD67B4A11F069AE00032F477 /* AAHighchartsMore.js in Resources */,
				CD5274AA1EF7C72000AFFE67 /* selected2.png in Resources */,
				CD5274A81EF7C72000AFFE67 /* xiaoyuan@2x.png in Resources */,
				CD67B49C1F069AE00032F477 /* AAChartKit.podspec in Resources */,
				CD7FFDC01E3E3894003DE455 /* Main.storyboard in Resources */,
			);
			runOnlyForDeploymentPostprocessing = 0;
		};
		CD7FFDC91E3E3894003DE455 /* Resources */ = {
			isa = PBXResourcesBuildPhase;
			buildActionMask = 2147483647;
			files = (
			);
			runOnlyForDeploymentPostprocessing = 0;
		};
		CD7FFDD41E3E3894003DE455 /* Resources */ = {
			isa = PBXResourcesBuildPhase;
			buildActionMask = 2147483647;
			files = (
			);
			runOnlyForDeploymentPostprocessing = 0;
		};
/* End PBXResourcesBuildPhase section */

/* Begin PBXSourcesBuildPhase section */
		CD7FFDAE1E3E3894003DE455 /* Sources */ = {
			isa = PBXSourcesBuildPhase;
			buildActionMask = 2147483647;
			files = (
				CD67B4AC1F069AE00032F477 /* AALegend.m in Sources */,
				CD4A97241F111D6000243F68 /* RecordedParameterTableViewController.m in Sources */,
				CDF2EFD61E555EB800A499AE /* CmdHistoryUITableViewController.m in Sources */,
				CD7FFDBD1E3E3894003DE455 /* ViewController.m in Sources */,
				CD67B4AE1F069AE00032F477 /* AAMarker.m in Sources */,
				CDF2F1621E5689C500A499AE /* UIButton+AFNetworking.m in Sources */,
				CD83FA831F20EF8600E02FDA /* DataBaseNSUserDefaults.m in Sources */,
				CD67B4B51F069AE00032F477 /* AASeriesElement.m in Sources */,
				CD7D5EAA1E4AB60E0082CF37 /* MainViewController.m in Sources */,
				CD7D5ED81E4ABBB50082CF37 /* MeViewController.m in Sources */,
				CDF2EF671E55443E00A499AE /* MethodControlViewController.m in Sources */,
				CD35529C1EC021AB00B33545 /* WMProgressView.m in Sources */,
				CD67B4BB1F069AE00032F477 /* AAXAxis.m in Sources */,
				CD67B4BA1F069AE00032F477 /* AATooltip.m in Sources */,
				CDF2F1601E5689C500A499AE /* UIActivityIndicatorView+AFNetworking.m in Sources */,
				CD169EB61ED2F09C002FB25E /* TemperatureControlViewController.m in Sources */,
				CD67B4A31F069AE00032F477 /* AAAnimation.m in Sources */,
				CDF2F1611E5689C500A499AE /* UIAlertView+AFNetworking.m in Sources */,
				CD3552AF1EC1F0C100B33545 /* LoadMotorViewController.m in Sources */,
				CDF2EFD91E55613800A499AE /* CmdHistory.m in Sources */,
				CDF2F15D1E5689C500A499AE /* AFURLResponseSerialization.m in Sources */,
				CD67B4BC1F069AE00032F477 /* AAYAxis.m in Sources */,
				CD67B4B81F069AE00032F477 /* AASubtitle.m in Sources */,
				CD67B4B61F069AE00032F477 /* AASpline.m in Sources */,
				CD83FA861F20EF8600E02FDA /* MessageViewController.m in Sources */,
				CD67B4C51F08E38B0032F477 /* SelectParametersTableViewController.m in Sources */,
				CDF2F1661E5689C500A499AE /* UIWebView+AFNetworking.m in Sources */,
				CD83FA821F20EF8600E02FDA /* Alert.m in Sources */,
				CD74C7DA1EFE40F200C6195F /* ChangeTrendViewController.m in Sources */,
				CDF2F1561E5689C500A499AE /* AFHTTPRequestOperation.m in Sources */,
				CD52748B1EF75C8900AFFE67 /* TestViewController.m in Sources */,
				CD7FFDEB1E3E3B09003DE455 /* ParameterTableViewController.m in Sources */,
				CDF2F15B1E5689C500A499AE /* AFURLConnectionOperation.m in Sources */,
				CD67B4AB1F069AE00032F477 /* AALabels.m in Sources */,
				CD67B4B71F069AE00032F477 /* AAStyle.m in Sources */,
				CD67B4A71F069AE00032F477 /* AAChart.m in Sources */,
				CD4EB43D1F0D413A0005512E /* File.m in Sources */,
				CD67B4991F069AE00032F477 /* AAChartView.m in Sources */,
				CD4A97291F11280700243F68 /* RecordTableViewController.m in Sources */,
				CD3552A31EC0222500B33545 /* OtherControllerPageViewController.m in Sources */,
				CD67B4981F069AE00032F477 /* AAChartModel.m in Sources */,
				CDF2F1631E5689C500A499AE /* UIImageView+AFNetworking.m in Sources */,
				CDF2F1641E5689C500A499AE /* UIProgressView+AFNetworking.m in Sources */,
				CD7D5EA41E4AB4BF0082CF37 /* LoginViewController.m in Sources */,
				CDF2F1571E5689C500A499AE /* AFHTTPRequestOperationManager.m in Sources */,
				CD67B4A81F069AE00032F477 /* AAColumn.m in Sources */,
				CD67B49B1F069AE00032F477 /* AAOptionsConstructor.m in Sources */,
				CD67B4B01F069AE00032F477 /* AAOptions3d.m in Sources */,
				CD83FA851F20EF8600E02FDA /* MBProgressHUD.m in Sources */,
				CD67B4B21F069AE00032F477 /* AAPlotLinesElement.m in Sources */,
				CDF2F1581E5689C500A499AE /* AFHTTPSessionManager.m in Sources */,
				CD67B4B11F069AE00032F477 /* AAPie.m in Sources */,
				CD67B4A51F069AE00032F477 /* AAAreaspline.m in Sources */,
				CD3552A71EC023AB00B33545 /* MotorViewController.m in Sources */,
				CD67B4CA1F0940F00032F477 /* AlarmTableViewController.m in Sources */,
				CDF2F1651E5689C500A499AE /* UIRefreshControl+AFNetworking.m in Sources */,
				CD67B4B31F069AE00032F477 /* AAPlotOptions.m in Sources */,
				CDF2F15C1E5689C500A499AE /* AFURLRequestSerialization.m in Sources */,
				CD35529E1EC021AB00B33545 /* WMPageController.m in Sources */,
				CD67B4A41F069AE00032F477 /* AAArea.m in Sources */,
				CDF2F15E1E5689C500A499AE /* AFURLSessionManager.m in Sources */,
				CDF2F15A1E5689C500A499AE /* AFSecurityPolicy.m in Sources */,
				CD7FFDBA1E3E3894003DE455 /* AppDelegate.m in Sources */,
				CD3552AB1EC14E6300B33545 /* GearViewController.m in Sources */,
				CD67B4A91F069AE00032F477 /* AADataLabels.m in Sources */,
				CDF2EFD11E555A2700A499AE /* Parameter.m in Sources */,
				CD83FA841F20EF8600E02FDA /* JsonUtil.m in Sources */,
				CDF2F15F1E5689C500A499AE /* AFNetworkActivityIndicatorManager.m in Sources */,
				CD35529D1EC021AB00B33545 /* WMScrollView.m in Sources */,
				CD83FA871F20EF8600E02FDA /* Toast.m in Sources */,
				CD67B4AA1F069AE00032F477 /* AAItemStyle.m in Sources */,
				CDF2F1591E5689C500A499AE /* AFNetworkReachabilityManager.m in Sources */,
				CD67B4B91F069AE00032F477 /* AATitle.m in Sources */,
				CD67B4AD1F069AE00032F477 /* AALine.m in Sources */,
				CD67B4A61F069AE00032F477 /* AABar.m in Sources */,
				CD35529B1EC021AB00B33545 /* WMMenuView.m in Sources */,
				CD7FFDB71E3E3894003DE455 /* main.m in Sources */,
				CD67B4AF1F069AE00032F477 /* AAOptions.m in Sources */,
				CD67B49A1F069AE00032F477 /* AAJsonConverter.m in Sources */,
				CD67B4B41F069AE00032F477 /* AASeries.m in Sources */,
				CD35529A1EC021AB00B33545 /* WMMenuItem.m in Sources */,
				CD4EB4391F0D3EC70005512E /* FileListTableViewController.m in Sources */,
			);
			runOnlyForDeploymentPostprocessing = 0;
		};
		CD7FFDC71E3E3894003DE455 /* Sources */ = {
			isa = PBXSourcesBuildPhase;
			buildActionMask = 2147483647;
			files = (
				CD7FFDD01E3E3894003DE455 /* PSTests.m in Sources */,
			);
			runOnlyForDeploymentPostprocessing = 0;
		};
		CD7FFDD21E3E3894003DE455 /* Sources */ = {
			isa = PBXSourcesBuildPhase;
			buildActionMask = 2147483647;
			files = (
				CD7FFDDB1E3E3894003DE455 /* PSUITests.m in Sources */,
			);
			runOnlyForDeploymentPostprocessing = 0;
		};
/* End PBXSourcesBuildPhase section */

/* Begin PBXTargetDependency section */
		CD7FFDCD1E3E3894003DE455 /* PBXTargetDependency */ = {
			isa = PBXTargetDependency;
			target = CD7FFDB11E3E3894003DE455 /* PS */;
			targetProxy = CD7FFDCC1E3E3894003DE455 /* PBXContainerItemProxy */;
		};
		CD7FFDD81E3E3894003DE455 /* PBXTargetDependency */ = {
			isa = PBXTargetDependency;
			target = CD7FFDB11E3E3894003DE455 /* PS */;
			targetProxy = CD7FFDD71E3E3894003DE455 /* PBXContainerItemProxy */;
		};
/* End PBXTargetDependency section */

/* Begin PBXVariantGroup section */
		CD7FFDBE1E3E3894003DE455 /* Main.storyboard */ = {
			isa = PBXVariantGroup;
			children = (
				CD7FFDBF1E3E3894003DE455 /* Base */,
			);
			name = Main.storyboard;
			sourceTree = "<group>";
		};
		CD7FFDC31E3E3894003DE455 /* LaunchScreen.storyboard */ = {
			isa = PBXVariantGroup;
			children = (
				CD7FFDC41E3E3894003DE455 /* Base */,
			);
			name = LaunchScreen.storyboard;
			sourceTree = "<group>";
		};
/* End PBXVariantGroup section */

/* Begin XCBuildConfiguration section */
		CD7FFDDD1E3E3894003DE455 /* Debug */ = {
			isa = XCBuildConfiguration;
			buildSettings = {
				ALWAYS_SEARCH_USER_PATHS = NO;
				CLANG_ANALYZER_NONNULL = YES;
				CLANG_CXX_LANGUAGE_STANDARD = "gnu++0x";
				CLANG_CXX_LIBRARY = "libc++";
				CLANG_ENABLE_MODULES = YES;
				CLANG_ENABLE_OBJC_ARC = YES;
				CLANG_WARN_BOOL_CONVERSION = YES;
				CLANG_WARN_CONSTANT_CONVERSION = YES;
				CLANG_WARN_DIRECT_OBJC_ISA_USAGE = YES_ERROR;
				CLANG_WARN_DOCUMENTATION_COMMENTS = YES;
				CLANG_WARN_EMPTY_BODY = YES;
				CLANG_WARN_ENUM_CONVERSION = YES;
				CLANG_WARN_INFINITE_RECURSION = YES;
				CLANG_WARN_INT_CONVERSION = YES;
				CLANG_WARN_OBJC_ROOT_CLASS = YES_ERROR;
				CLANG_WARN_SUSPICIOUS_MOVE = YES;
				CLANG_WARN_UNREACHABLE_CODE = YES;
				CLANG_WARN__DUPLICATE_METHOD_MATCH = YES;
				"CODE_SIGN_IDENTITY[sdk=iphoneos*]" = "iPhone Developer";
				COPY_PHASE_STRIP = NO;
				DEBUG_INFORMATION_FORMAT = dwarf;
				ENABLE_STRICT_OBJC_MSGSEND = YES;
				ENABLE_TESTABILITY = YES;
				GCC_C_LANGUAGE_STANDARD = gnu99;
				GCC_DYNAMIC_NO_PIC = NO;
				GCC_NO_COMMON_BLOCKS = YES;
				GCC_OPTIMIZATION_LEVEL = 0;
				GCC_PREPROCESSOR_DEFINITIONS = (
					"DEBUG=1",
					"$(inherited)",
				);
				GCC_WARN_64_TO_32_BIT_CONVERSION = YES;
				GCC_WARN_ABOUT_RETURN_TYPE = YES_ERROR;
				GCC_WARN_UNDECLARED_SELECTOR = YES;
				GCC_WARN_UNINITIALIZED_AUTOS = YES_AGGRESSIVE;
				GCC_WARN_UNUSED_FUNCTION = YES;
				GCC_WARN_UNUSED_VARIABLE = YES;
				IPHONEOS_DEPLOYMENT_TARGET = 10.2;
				MTL_ENABLE_DEBUG_INFO = YES;
				ONLY_ACTIVE_ARCH = YES;
				SDKROOT = iphoneos;
			};
			name = Debug;
		};
		CD7FFDDE1E3E3894003DE455 /* Release */ = {
			isa = XCBuildConfiguration;
			buildSettings = {
				ALWAYS_SEARCH_USER_PATHS = NO;
				CLANG_ANALYZER_NONNULL = YES;
				CLANG_CXX_LANGUAGE_STANDARD = "gnu++0x";
				CLANG_CXX_LIBRARY = "libc++";
				CLANG_ENABLE_MODULES = YES;
				CLANG_ENABLE_OBJC_ARC = YES;
				CLANG_WARN_BOOL_CONVERSION = YES;
				CLANG_WARN_CONSTANT_CONVERSION = YES;
				CLANG_WARN_DIRECT_OBJC_ISA_USAGE = YES_ERROR;
				CLANG_WARN_DOCUMENTATION_COMMENTS = YES;
				CLANG_WARN_EMPTY_BODY = YES;
				CLANG_WARN_ENUM_CONVERSION = YES;
				CLANG_WARN_INFINITE_RECURSION = YES;
				CLANG_WARN_INT_CONVERSION = YES;
				CLANG_WARN_OBJC_ROOT_CLASS = YES_ERROR;
				CLANG_WARN_SUSPICIOUS_MOVE = YES;
				CLANG_WARN_UNREACHABLE_CODE = YES;
				CLANG_WARN__DUPLICATE_METHOD_MATCH = YES;
				"CODE_SIGN_IDENTITY[sdk=iphoneos*]" = "iPhone Developer";
				COPY_PHASE_STRIP = NO;
				DEBUG_INFORMATION_FORMAT = "dwarf-with-dsym";
				ENABLE_NS_ASSERTIONS = NO;
				ENABLE_STRICT_OBJC_MSGSEND = YES;
				GCC_C_LANGUAGE_STANDARD = gnu99;
				GCC_NO_COMMON_BLOCKS = YES;
				GCC_WARN_64_TO_32_BIT_CONVERSION = YES;
				GCC_WARN_ABOUT_RETURN_TYPE = YES_ERROR;
				GCC_WARN_UNDECLARED_SELECTOR = YES;
				GCC_WARN_UNINITIALIZED_AUTOS = YES_AGGRESSIVE;
				GCC_WARN_UNUSED_FUNCTION = YES;
				GCC_WARN_UNUSED_VARIABLE = YES;
				IPHONEOS_DEPLOYMENT_TARGET = 10.2;
				MTL_ENABLE_DEBUG_INFO = NO;
				SDKROOT = iphoneos;
				VALIDATE_PRODUCT = YES;
			};
			name = Release;
		};
		CD7FFDE01E3E3894003DE455 /* Debug */ = {
			isa = XCBuildConfiguration;
			buildSettings = {
				ASSETCATALOG_COMPILER_APPICON_NAME = AppIcon;
				"CODE_SIGN_IDENTITY[sdk=iphoneos*]" = "iPhone Developer";
				DEVELOPMENT_TEAM = 65965BYU24;
				GCC_PRECOMPILE_PREFIX_HEADER = YES;
				GCC_PREFIX_HEADER = "$(SRCROOT)/PS/PrefixHeader.pch";
				INFOPLIST_FILE = PS/Info.plist;
				IPHONEOS_DEPLOYMENT_TARGET = 10.0;
				LD_RUNPATH_SEARCH_PATHS = "$(inherited) @executable_path/Frameworks";
				PRODUCT_BUNDLE_IDENTIFIER = org.csu.PS;
				PRODUCT_NAME = "$(TARGET_NAME)";
				TARGETED_DEVICE_FAMILY = 1;
			};
			name = Debug;
		};
		CD7FFDE11E3E3894003DE455 /* Release */ = {
			isa = XCBuildConfiguration;
			buildSettings = {
				ASSETCATALOG_COMPILER_APPICON_NAME = AppIcon;
				"CODE_SIGN_IDENTITY[sdk=iphoneos*]" = "iPhone Developer";
				DEVELOPMENT_TEAM = 65965BYU24;
				GCC_PRECOMPILE_PREFIX_HEADER = YES;
				GCC_PREFIX_HEADER = "$(SRCROOT)/PS/PrefixHeader.pch";
				INFOPLIST_FILE = PS/Info.plist;
				IPHONEOS_DEPLOYMENT_TARGET = 10.0;
				LD_RUNPATH_SEARCH_PATHS = "$(inherited) @executable_path/Frameworks";
				PRODUCT_BUNDLE_IDENTIFIER = org.csu.PS;
				PRODUCT_NAME = "$(TARGET_NAME)";
				TARGETED_DEVICE_FAMILY = 1;
			};
			name = Release;
		};
		CD7FFDE31E3E3894003DE455 /* Debug */ = {
			isa = XCBuildConfiguration;
			buildSettings = {
				BUNDLE_LOADER = "$(TEST_HOST)";
				DEVELOPMENT_TEAM = F36KV5ER57;
				INFOPLIST_FILE = PSTests/Info.plist;
				LD_RUNPATH_SEARCH_PATHS = "$(inherited) @executable_path/Frameworks @loader_path/Frameworks";
				PRODUCT_BUNDLE_IDENTIFIER = org.csu.PSTests;
				PRODUCT_NAME = "$(TARGET_NAME)";
				TEST_HOST = "$(BUILT_PRODUCTS_DIR)/PS.app/PS";
			};
			name = Debug;
		};
		CD7FFDE41E3E3894003DE455 /* Release */ = {
			isa = XCBuildConfiguration;
			buildSettings = {
				BUNDLE_LOADER = "$(TEST_HOST)";
				DEVELOPMENT_TEAM = F36KV5ER57;
				INFOPLIST_FILE = PSTests/Info.plist;
				LD_RUNPATH_SEARCH_PATHS = "$(inherited) @executable_path/Frameworks @loader_path/Frameworks";
				PRODUCT_BUNDLE_IDENTIFIER = org.csu.PSTests;
				PRODUCT_NAME = "$(TARGET_NAME)";
				TEST_HOST = "$(BUILT_PRODUCTS_DIR)/PS.app/PS";
			};
			name = Release;
		};
		CD7FFDE61E3E3894003DE455 /* Debug */ = {
			isa = XCBuildConfiguration;
			buildSettings = {
				DEVELOPMENT_TEAM = F36KV5ER57;
				INFOPLIST_FILE = PSUITests/Info.plist;
				LD_RUNPATH_SEARCH_PATHS = "$(inherited) @executable_path/Frameworks @loader_path/Frameworks";
				PRODUCT_BUNDLE_IDENTIFIER = org.csu.PSUITests;
				PRODUCT_NAME = "$(TARGET_NAME)";
				TEST_TARGET_NAME = PS;
			};
			name = Debug;
		};
		CD7FFDE71E3E3894003DE455 /* Release */ = {
			isa = XCBuildConfiguration;
			buildSettings = {
				DEVELOPMENT_TEAM = F36KV5ER57;
				INFOPLIST_FILE = PSUITests/Info.plist;
				LD_RUNPATH_SEARCH_PATHS = "$(inherited) @executable_path/Frameworks @loader_path/Frameworks";
				PRODUCT_BUNDLE_IDENTIFIER = org.csu.PSUITests;
				PRODUCT_NAME = "$(TARGET_NAME)";
				TEST_TARGET_NAME = PS;
			};
			name = Release;
		};
/* End XCBuildConfiguration section */

/* Begin XCConfigurationList section */
		CD7FFDAD1E3E3894003DE455 /* Build configuration list for PBXProject "PS" */ = {
			isa = XCConfigurationList;
			buildConfigurations = (
				CD7FFDDD1E3E3894003DE455 /* Debug */,
				CD7FFDDE1E3E3894003DE455 /* Release */,
			);
			defaultConfigurationIsVisible = 0;
			defaultConfigurationName = Release;
		};
		CD7FFDDF1E3E3894003DE455 /* Build configuration list for PBXNativeTarget "PS" */ = {
			isa = XCConfigurationList;
			buildConfigurations = (
				CD7FFDE01E3E3894003DE455 /* Debug */,
				CD7FFDE11E3E3894003DE455 /* Release */,
			);
			defaultConfigurationIsVisible = 0;
			defaultConfigurationName = Release;
		};
		CD7FFDE21E3E3894003DE455 /* Build configuration list for PBXNativeTarget "PSTests" */ = {
			isa = XCConfigurationList;
			buildConfigurations = (
				CD7FFDE31E3E3894003DE455 /* Debug */,
				CD7FFDE41E3E3894003DE455 /* Release */,
			);
			defaultConfigurationIsVisible = 0;
			defaultConfigurationName = Release;
		};
		CD7FFDE51E3E3894003DE455 /* Build configuration list for PBXNativeTarget "PSUITests" */ = {
			isa = XCConfigurationList;
			buildConfigurations = (
				CD7FFDE61E3E3894003DE455 /* Debug */,
				CD7FFDE71E3E3894003DE455 /* Release */,
			);
			defaultConfigurationIsVisible = 0;
			defaultConfigurationName = Release;
		};
/* End XCConfigurationList section */
	};
	rootObject = CD7FFDAA1E3E3894003DE455 /* Project object */;
}
